// !$*UTF8*$!
{
	archiveVersion = 1;
	classes = {
	};
	objectVersion = 46;
	objects = {

/* Begin PBXBuildFile section */
		04E81A84179A8EA800FC6BA7 /* mapapi.bundle in Resources */ = {isa = PBXBuildFile; fileRef = 04E81A83179A8EA800FC6BA7 /* mapapi.bundle */; };
		04E81A88179A913C00FC6BA7 /* QuartzCore.framework in Frameworks */ = {isa = PBXBuildFile; fileRef = 04E81A87179A913C00FC6BA7 /* QuartzCore.framework */; };
		04E81A8A179A91E100FC6BA7 /* CoreLocation.framework in Frameworks */ = {isa = PBXBuildFile; fileRef = 04E81A89179A91E100FC6BA7 /* CoreLocation.framework */; };
		04E81A8C179A91E900FC6BA7 /* SystemConfiguration.framework in Frameworks */ = {isa = PBXBuildFile; fileRef = 04E81A8B179A91E900FC6BA7 /* SystemConfiguration.framework */; };
		04E81A8E179A920400FC6BA7 /* OpenGLES.framework in Frameworks */ = {isa = PBXBuildFile; fileRef = 04E81A8D179A920400FC6BA7 /* OpenGLES.framework */; };
		04E81A90179AA11700FC6BA7 /* libbaidumapapi.a in Frameworks */ = {isa = PBXBuildFile; fileRef = 04E81A8F179AA11700FC6BA7 /* libbaidumapapi.a */; };
		04E81A93179ADFDC00FC6BA7 /* CalloutMapAnnotation.m in Sources */ = {isa = PBXBuildFile; fileRef = 04E81A92179ADFDB00FC6BA7 /* CalloutMapAnnotation.m */; };
		04E81A96179AE09F00FC6BA7 /* CallOutAnnotationView.m in Sources */ = {isa = PBXBuildFile; fileRef = 04E81A95179AE09E00FC6BA7 /* CallOutAnnotationView.m */; };
		04E81A9B179AE2B600FC6BA7 /* SportPointCell.xib in Resources */ = {isa = PBXBuildFile; fileRef = 04E81A9A179AE2B500FC6BA7 /* SportPointCell.xib */; };
		04E81AA0179AE8E100FC6BA7 /* SportPointCell.m in Sources */ = {isa = PBXBuildFile; fileRef = 04E81A9F179AE8E000FC6BA7 /* SportPointCell.m */; };
		04E81AA1179AE9E400FC6BA7 /* CustomPointAnnotation.m in Sources */ = {isa = PBXBuildFile; fileRef = 04E81A9D179AE75E00FC6BA7 /* CustomPointAnnotation.m */; };
		04E81AB4179B28F200FC6BA7 /* IZValueSelectorView.m in Sources */ = {isa = PBXBuildFile; fileRef = 04E81AB3179B28F100FC6BA7 /* IZValueSelectorView.m */; };
		B50E6FC5179A88A900ABF9CA /* JASidePanelController.m in Sources */ = {isa = PBXBuildFile; fileRef = B50E6FC2179A88A900ABF9CA /* JASidePanelController.m */; settings = {COMPILER_FLAGS = "-fobjc-arc"; }; };
		B50E6FC6179A88A900ABF9CA /* UIViewController+JASidePanel.m in Sources */ = {isa = PBXBuildFile; fileRef = B50E6FC4179A88A900ABF9CA /* UIViewController+JASidePanel.m */; };
		B50E6FD0179A89E300ABF9CA /* CenterViewC.m in Sources */ = {isa = PBXBuildFile; fileRef = B50E6FCF179A89E300ABF9CA /* CenterViewC.m */; };
		B50E6FD3179A89EF00ABF9CA /* LeftViewC.m in Sources */ = {isa = PBXBuildFile; fileRef = B50E6FD2179A89EF00ABF9CA /* LeftViewC.m */; };
		B50E6FD6179A89FF00ABF9CA /* RightViewC.mm in Sources */ = {isa = PBXBuildFile; fileRef = B50E6FD5179A89FE00ABF9CA /* RightViewC.mm */; };
		B51FDD42179B0E86008FDDE9 /* LeftTableViewCell.xib in Resources */ = {isa = PBXBuildFile; fileRef = B51FDD41179B0E86008FDDE9 /* LeftTableViewCell.xib */; };
		B51FDD83179BA685008FDDE9 /* ListData.m in Sources */ = {isa = PBXBuildFile; fileRef = B51FDD82179BA685008FDDE9 /* ListData.m */; };
		B51FDD85179BA68E008FDDE9 /* ModelTest.plist in Resources */ = {isa = PBXBuildFile; fileRef = B51FDD84179BA68E008FDDE9 /* ModelTest.plist */; };
		B51FDD97179BA6E5008FDDE9 /* P1.jpg in Resources */ = {isa = PBXBuildFile; fileRef = B51FDD87179BA6E5008FDDE9 /* P1.jpg */; };
		B51FDD99179BA6E5008FDDE9 /* P3.jpg in Resources */ = {isa = PBXBuildFile; fileRef = B51FDD89179BA6E5008FDDE9 /* P3.jpg */; };
		B51FDD9A179BA6E5008FDDE9 /* P4.jpg in Resources */ = {isa = PBXBuildFile; fileRef = B51FDD8A179BA6E5008FDDE9 /* P4.jpg */; };
		B51FDD9B179BA6E5008FDDE9 /* P5.jpg in Resources */ = {isa = PBXBuildFile; fileRef = B51FDD8B179BA6E5008FDDE9 /* P5.jpg */; };
		B51FDD9C179BA6E5008FDDE9 /* P6.jpg in Resources */ = {isa = PBXBuildFile; fileRef = B51FDD8C179BA6E5008FDDE9 /* P6.jpg */; };
		B51FDD9D179BA6E5008FDDE9 /* P7.jpg in Resources */ = {isa = PBXBuildFile; fileRef = B51FDD8D179BA6E5008FDDE9 /* P7.jpg */; };
		B51FDD9E179BA6E5008FDDE9 /* P8.jpg in Resources */ = {isa = PBXBuildFile; fileRef = B51FDD8E179BA6E5008FDDE9 /* P8.jpg */; };
		B51FDD9F179BA6E6008FDDE9 /* P9.jpg in Resources */ = {isa = PBXBuildFile; fileRef = B51FDD8F179BA6E5008FDDE9 /* P9.jpg */; };
		B51FDDA0179BA6E6008FDDE9 /* P10.jpg in Resources */ = {isa = PBXBuildFile; fileRef = B51FDD90179BA6E5008FDDE9 /* P10.jpg */; };
		B51FDDA1179BA6E6008FDDE9 /* P11.jpg in Resources */ = {isa = PBXBuildFile; fileRef = B51FDD91179BA6E5008FDDE9 /* P11.jpg */; };
		B51FDDA2179BA6E6008FDDE9 /* P12.jpg in Resources */ = {isa = PBXBuildFile; fileRef = B51FDD92179BA6E5008FDDE9 /* P12.jpg */; };
		B51FDDA3179BA6E6008FDDE9 /* P13.jpg in Resources */ = {isa = PBXBuildFile; fileRef = B51FDD93179BA6E5008FDDE9 /* P13.jpg */; };
		B51FDDA4179BA6E6008FDDE9 /* P14.jpg in Resources */ = {isa = PBXBuildFile; fileRef = B51FDD94179BA6E5008FDDE9 /* P14.jpg */; };
		B51FDDA5179BA6E6008FDDE9 /* P15.jpg in Resources */ = {isa = PBXBuildFile; fileRef = B51FDD95179BA6E5008FDDE9 /* P15.jpg */; };
		B51FDDA6179BA6E6008FDDE9 /* P16.jpg in Resources */ = {isa = PBXBuildFile; fileRef = B51FDD96179BA6E5008FDDE9 /* P16.jpg */; };
		B51FDDA9179BA7BA008FDDE9 /* EGORefreshTableHeaderView.m in Sources */ = {isa = PBXBuildFile; fileRef = B51FDDA8179BA7BA008FDDE9 /* EGORefreshTableHeaderView.m */; };
		B51FDDAF179BA7D7008FDDE9 /* SRRefreshView.m in Sources */ = {isa = PBXBuildFile; fileRef = B51FDDAC179BA7D6008FDDE9 /* SRRefreshView.m */; };
		B51FDDB0179BA7D7008FDDE9 /* SRSlimeView.m in Sources */ = {isa = PBXBuildFile; fileRef = B51FDDAE179BA7D6008FDDE9 /* SRSlimeView.m */; };
		B51FDDB3179BA7E5008FDDE9 /* sr_refresh.png in Resources */ = {isa = PBXBuildFile; fileRef = B51FDDB1179BA7E5008FDDE9 /* sr_refresh.png */; };
		B51FDDB4179BA7E5008FDDE9 /* sr_refresh@2X.png in Resources */ = {isa = PBXBuildFile; fileRef = B51FDDB2179BA7E5008FDDE9 /* sr_refresh@2X.png */; };
		B51FDDB8179BAB80008FDDE9 /* InputVC.m in Sources */ = {isa = PBXBuildFile; fileRef = B51FDDB6179BAB80008FDDE9 /* InputVC.m */; };
		B51FDDB9179BAB80008FDDE9 /* InputVC.xib in Resources */ = {isa = PBXBuildFile; fileRef = B51FDDB7179BAB80008FDDE9 /* InputVC.xib */; };
		B51FDDBB179BB582008FDDE9 /* P2.jpg in Resources */ = {isa = PBXBuildFile; fileRef = B51FDDBA179BB582008FDDE9 /* P2.jpg */; };
		B51FDDC6179BC38E008FDDE9 /* Icon-72.png in Resources */ = {isa = PBXBuildFile; fileRef = B51FDDBC179BC38E008FDDE9 /* Icon-72.png */; };
		B51FDDC7179BC38E008FDDE9 /* Icon-72@2x.png in Resources */ = {isa = PBXBuildFile; fileRef = B51FDDBD179BC38E008FDDE9 /* Icon-72@2x.png */; };
		B51FDDC8179BC38E008FDDE9 /* Icon-Small-50.png in Resources */ = {isa = PBXBuildFile; fileRef = B51FDDBE179BC38E008FDDE9 /* Icon-Small-50.png */; };
		B51FDDC9179BC38E008FDDE9 /* Icon-Small-50@2x.png in Resources */ = {isa = PBXBuildFile; fileRef = B51FDDBF179BC38E008FDDE9 /* Icon-Small-50@2x.png */; };
		B51FDDCA179BC38E008FDDE9 /* Icon-Small.png in Resources */ = {isa = PBXBuildFile; fileRef = B51FDDC0179BC38E008FDDE9 /* Icon-Small.png */; };
		B51FDDCB179BC38E008FDDE9 /* Icon-Small@2x.png in Resources */ = {isa = PBXBuildFile; fileRef = B51FDDC1179BC38E008FDDE9 /* Icon-Small@2x.png */; };
		B51FDDCC179BC38E008FDDE9 /* Icon.png in Resources */ = {isa = PBXBuildFile; fileRef = B51FDDC2179BC38E008FDDE9 /* Icon.png */; };
		B51FDDCD179BC38E008FDDE9 /* Icon@2x.png in Resources */ = {isa = PBXBuildFile; fileRef = B51FDDC3179BC38E008FDDE9 /* Icon@2x.png */; };
		B51FDDCE179BC38E008FDDE9 /* iTunesArtwork.png in Resources */ = {isa = PBXBuildFile; fileRef = B51FDDC4179BC38E008FDDE9 /* iTunesArtwork.png */; };
		B51FDDCF179BC38E008FDDE9 /* iTunesArtwork@2x.png in Resources */ = {isa = PBXBuildFile; fileRef = B51FDDC5179BC38E008FDDE9 /* iTunesArtwork@2x.png */; };
		B51FDDD1179BC656008FDDE9 /* line.png in Resources */ = {isa = PBXBuildFile; fileRef = B51FDDD0179BC656008FDDE9 /* line.png */; };
		B51FDDD3179BCAC1008FDDE9 /* set.png in Resources */ = {isa = PBXBuildFile; fileRef = B51FDDD2179BCAC1008FDDE9 /* set.png */; };
		B51FDDD5179BD082008FDDE9 /* home.png in Resources */ = {isa = PBXBuildFile; fileRef = B51FDDD4179BD081008FDDE9 /* home.png */; };
		B59C5E5B179ABC7100A952FD /* sportMessage.m in Sources */ = {isa = PBXBuildFile; fileRef = B59C5E5A179ABC7100A952FD /* sportMessage.m */; };
		B59C5E67179ABCA000A952FD /* OpenUDID.m in Sources */ = {isa = PBXBuildFile; fileRef = B59C5E66179ABCA000A952FD /* OpenUDID.m */; };
		B5C2F42A179A6D990049B8A8 /* UIKit.framework in Frameworks */ = {isa = PBXBuildFile; fileRef = B5C2F429179A6D990049B8A8 /* UIKit.framework */; };
		B5C2F42C179A6D990049B8A8 /* Foundation.framework in Frameworks */ = {isa = PBXBuildFile; fileRef = B5C2F42B179A6D990049B8A8 /* Foundation.framework */; };
		B5C2F42E179A6D990049B8A8 /* CoreGraphics.framework in Frameworks */ = {isa = PBXBuildFile; fileRef = B5C2F42D179A6D990049B8A8 /* CoreGraphics.framework */; };
		B5C2F434179A6D990049B8A8 /* InfoPlist.strings in Resources */ = {isa = PBXBuildFile; fileRef = B5C2F432179A6D990049B8A8 /* InfoPlist.strings */; };
		B5C2F436179A6D990049B8A8 /* main.m in Sources */ = {isa = PBXBuildFile; fileRef = B5C2F435179A6D990049B8A8 /* main.m */; };
		B5C2F43A179A6D990049B8A8 /* AppDelegate.m in Sources */ = {isa = PBXBuildFile; fileRef = B5C2F439179A6D990049B8A8 /* AppDelegate.m */; };
		CAB15890179B410700B522EE /* CenterViewCell.m in Sources */ = {isa = PBXBuildFile; fileRef = CAB1585B179B410700B522EE /* CenterViewCell.m */; };
		CAB15891179B410700B522EE /* DetailViewController.m in Sources */ = {isa = PBXBuildFile; fileRef = CAB1585D179B410700B522EE /* DetailViewController.m */; };
		CAB15892179B410700B522EE /* ListTableView.m in Sources */ = {isa = PBXBuildFile; fileRef = CAB1587D179B410700B522EE /* ListTableView.m */; };
		CAB15893179B410700B522EE /* MLNavigationController.m in Sources */ = {isa = PBXBuildFile; fileRef = CAB1587F179B410700B522EE /* MLNavigationController.m */; };
		CAB15894179B410700B522EE /* CHAvatarView.m in Sources */ = {isa = PBXBuildFile; fileRef = CAB15882179B410700B522EE /* CHAvatarView.m */; };
		CAB15895179B410700B522EE /* CHDraggableView+Avatar.m in Sources */ = {isa = PBXBuildFile; fileRef = CAB15884179B410700B522EE /* CHDraggableView+Avatar.m */; };
		CAB15896179B410700B522EE /* CHDraggableView.m in Sources */ = {isa = PBXBuildFile; fileRef = CAB15886179B410700B522EE /* CHDraggableView.m */; };
		CAB15897179B410700B522EE /* CHDraggingCoordinator.m in Sources */ = {isa = PBXBuildFile; fileRef = CAB15888179B410700B522EE /* CHDraggingCoordinator.m */; };
		CAB15898179B410700B522EE /* UINavigationBar+CustomNavBarColor.m in Sources */ = {isa = PBXBuildFile; fileRef = CAB1588A179B410700B522EE /* UINavigationBar+CustomNavBarColor.m */; };
		CAB15899179B410700B522EE /* UIView+customBackground.m in Sources */ = {isa = PBXBuildFile; fileRef = CAB1588C179B410700B522EE /* UIView+customBackground.m */; };
		CAB1589A179B410700B522EE /* UIView+Frame.m in Sources */ = {isa = PBXBuildFile; fileRef = CAB1588F179B410700B522EE /* UIView+Frame.m */; };
		CAB158DB179B456F00B522EE /* ArrowRight.png in Resources */ = {isa = PBXBuildFile; fileRef = CAB158C1179B456F00B522EE /* ArrowRight.png */; };
		CAB158DC179B456F00B522EE /* ArrowRight@2x.png in Resources */ = {isa = PBXBuildFile; fileRef = CAB158C2179B456F00B522EE /* ArrowRight@2x.png */; };
		CAB158DD179B456F00B522EE /* back.png in Resources */ = {isa = PBXBuildFile; fileRef = CAB158C3179B456F00B522EE /* back.png */; };
		CAB158DE179B456F00B522EE /* BackgroundTextures.png in Resources */ = {isa = PBXBuildFile; fileRef = CAB158C4179B456F00B522EE /* BackgroundTextures.png */; };
		CAB158DF179B456F00B522EE /* BackgroundTextures@2x.png in Resources */ = {isa = PBXBuildFile; fileRef = CAB158C5179B456F00B522EE /* BackgroundTextures@2x.png */; };
		CAB158E0179B456F00B522EE /* badminton.png in Resources */ = {isa = PBXBuildFile; fileRef = CAB158C6179B456F00B522EE /* badminton.png */; };
		CAB158E1179B456F00B522EE /* basketball.png in Resources */ = {isa = PBXBuildFile; fileRef = CAB158C7179B456F00B522EE /* basketball.png */; };
		CAB158E2179B456F00B522EE /* cellbg.png in Resources */ = {isa = PBXBuildFile; fileRef = CAB158C8179B456F00B522EE /* cellbg.png */; };
		CAB158E3179B456F00B522EE /* cellbg@2x.png in Resources */ = {isa = PBXBuildFile; fileRef = CAB158C9179B456F00B522EE /* cellbg@2x.png */; };
		CAB158E4179B456F00B522EE /* Default-568h@2x.png in Resources */ = {isa = PBXBuildFile; fileRef = CAB158CA179B456F00B522EE /* Default-568h@2x.png */; };
		CAB158E5179B456F00B522EE /* Default.png in Resources */ = {isa = PBXBuildFile; fileRef = CAB158CB179B456F00B522EE /* Default.png */; };
		CAB158E6179B456F00B522EE /* Default@2x.png in Resources */ = {isa = PBXBuildFile; fileRef = CAB158CC179B456F00B522EE /* Default@2x.png */; };
		CAB158E7179B456F00B522EE /* football.png in Resources */ = {isa = PBXBuildFile; fileRef = CAB158CD179B456F00B522EE /* football.png */; };
		CAB158E8179B456F00B522EE /* headbg.png in Resources */ = {isa = PBXBuildFile; fileRef = CAB158CE179B456F00B522EE /* headbg.png */; };
		CAB158E9179B456F00B522EE /* headbg@2x.png in Resources */ = {isa = PBXBuildFile; fileRef = CAB158CF179B456F00B522EE /* headbg@2x.png */; };
		CAB158EA179B456F00B522EE /* marker@2x.png in Resources */ = {isa = PBXBuildFile; fileRef = CAB158D0179B456F00B522EE /* marker@2x.png */; };
		CAB158EB179B456F00B522EE /* menu.png in Resources */ = {isa = PBXBuildFile; fileRef = CAB158D1179B456F00B522EE /* menu.png */; };
		CAB158EC179B456F00B522EE /* menu1.png in Resources */ = {isa = PBXBuildFile; fileRef = CAB158D2179B456F00B522EE /* menu1.png */; };
		CAB158ED179B456F00B522EE /* menu2.png in Resources */ = {isa = PBXBuildFile; fileRef = CAB158D3179B456F00B522EE /* menu2.png */; };
		CAB158EE179B456F00B522EE /* NavigationBar.png in Resources */ = {isa = PBXBuildFile; fileRef = CAB158D4179B456F00B522EE /* NavigationBar.png */; };
		CAB158EF179B456F00B522EE /* NavigationBar@2x.png in Resources */ = {isa = PBXBuildFile; fileRef = CAB158D5179B456F00B522EE /* NavigationBar@2x.png */; };
		CAB158F1179B456F00B522EE /* pingpong.png in Resources */ = {isa = PBXBuildFile; fileRef = CAB158D7179B456F00B522EE /* pingpong.png */; };
		CAB158F2179B456F00B522EE /* sendMsg.png in Resources */ = {isa = PBXBuildFile; fileRef = CAB158D8179B456F00B522EE /* sendMsg.png */; };
		CAB158F4179B456F00B522EE /* test.png in Resources */ = {isa = PBXBuildFile; fileRef = CAB158DA179B456F00B522EE /* test.png */; };
		CAB158FB179B470900B522EE /* markbadminton.png in Resources */ = {isa = PBXBuildFile; fileRef = CAB158F6179B470900B522EE /* markbadminton.png */; };
		CAB158FC179B470900B522EE /* markbasketball.png in Resources */ = {isa = PBXBuildFile; fileRef = CAB158F7179B470900B522EE /* markbasketball.png */; };
		CAB158FD179B470900B522EE /* markfootball.png in Resources */ = {isa = PBXBuildFile; fileRef = CAB158F8179B470900B522EE /* markfootball.png */; };
		CAB158FE179B470900B522EE /* markpingpang.png in Resources */ = {isa = PBXBuildFile; fileRef = CAB158F9179B470900B522EE /* markpingpang.png */; };
		CAB158FF179B470900B522EE /* marktennisball.png in Resources */ = {isa = PBXBuildFile; fileRef = CAB158FA179B470900B522EE /* marktennisball.png */; };
		CAB15902179B4DF500B522EE /* tennis.png in Resources */ = {isa = PBXBuildFile; fileRef = CAB15901179B4DF500B522EE /* tennis.png */; };
		CAB15906179B522800B522EE /* HeaderViewTopbg.png in Resources */ = {isa = PBXBuildFile; fileRef = CAB15904179B522800B522EE /* HeaderViewTopbg.png */; };
		CAB15907179B522800B522EE /* HeaderViewTopbg@2x.png in Resources */ = {isa = PBXBuildFile; fileRef = CAB15905179B522800B522EE /* HeaderViewTopbg@2x.png */; };
		CAB1590A179B530100B522EE /* DetailHeaderView.m in Sources */ = {isa = PBXBuildFile; fileRef = CAB15909179B530100B522EE /* DetailHeaderView.m */; };
		CAB1590D179B571900B522EE /* TitleTypeCell.m in Sources */ = {isa = PBXBuildFile; fileRef = CAB1590C179B571900B522EE /* TitleTypeCell.m */; };
		CAB15910179B572B00B522EE /* TimeTypeCell.m in Sources */ = {isa = PBXBuildFile; fileRef = CAB1590F179B572B00B522EE /* TimeTypeCell.m */; };
		CAB15913179B573900B522EE /* DetailTypeCell.m in Sources */ = {isa = PBXBuildFile; fileRef = CAB15912179B573900B522EE /* DetailTypeCell.m */; };
		CAB15916179B574C00B522EE /* AvatarTypeCell.m in Sources */ = {isa = PBXBuildFile; fileRef = CAB15915179B574C00B522EE /* AvatarTypeCell.m */; };
/* End PBXBuildFile section */

/* Begin PBXFileReference section */
		04E81A66179A8EA800FC6BA7 /* BMapKit.h */ = {isa = PBXFileReference; fileEncoding = 4; lastKnownFileType = sourcecode.c.h; path = BMapKit.h; sourceTree = "<group>"; };
		04E81A67179A8EA800FC6BA7 /* BMKAnnotation.h */ = {isa = PBXFileReference; fileEncoding = 4; lastKnownFileType = sourcecode.c.h; path = BMKAnnotation.h; sourceTree = "<group>"; };
		04E81A68179A8EA800FC6BA7 /* BMKAnnotationView.h */ = {isa = PBXFileReference; fileEncoding = 4; lastKnownFileType = sourcecode.c.h; path = BMKAnnotationView.h; sourceTree = "<group>"; };
		04E81A69179A8EA800FC6BA7 /* BMKCircle.h */ = {isa = PBXFileReference; fileEncoding = 4; lastKnownFileType = sourcecode.c.h; path = BMKCircle.h; sourceTree = "<group>"; };
		04E81A6A179A8EA800FC6BA7 /* BMKCircleView.h */ = {isa = PBXFileReference; fileEncoding = 4; lastKnownFileType = sourcecode.c.h; path = BMKCircleView.h; sourceTree = "<group>"; };
		04E81A6B179A8EA800FC6BA7 /* BMKGeneralDelegate.h */ = {isa = PBXFileReference; fileEncoding = 4; lastKnownFileType = sourcecode.c.h; path = BMKGeneralDelegate.h; sourceTree = "<group>"; };
		04E81A6C179A8EA800FC6BA7 /* BMKGeocodeType.h */ = {isa = PBXFileReference; fileEncoding = 4; lastKnownFileType = sourcecode.c.h; path = BMKGeocodeType.h; sourceTree = "<group>"; };
		04E81A6D179A8EA800FC6BA7 /* BMKGeometry.h */ = {isa = PBXFileReference; fileEncoding = 4; lastKnownFileType = sourcecode.c.h; path = BMKGeometry.h; sourceTree = "<group>"; };
		04E81A6E179A8EA800FC6BA7 /* BMKMapManager.h */ = {isa = PBXFileReference; fileEncoding = 4; lastKnownFileType = sourcecode.c.h; path = BMKMapManager.h; sourceTree = "<group>"; };
		04E81A6F179A8EA800FC6BA7 /* BMKMapView.h */ = {isa = PBXFileReference; fileEncoding = 4; lastKnownFileType = sourcecode.c.h; path = BMKMapView.h; sourceTree = "<group>"; };
		04E81A70179A8EA800FC6BA7 /* BMKMultiPoint.h */ = {isa = PBXFileReference; fileEncoding = 4; lastKnownFileType = sourcecode.c.h; path = BMKMultiPoint.h; sourceTree = "<group>"; };
		04E81A71179A8EA800FC6BA7 /* BMKOfflineMap.h */ = {isa = PBXFileReference; fileEncoding = 4; lastKnownFileType = sourcecode.c.h; path = BMKOfflineMap.h; sourceTree = "<group>"; };
		04E81A72179A8EA800FC6BA7 /* BMKOfflineMapType.h */ = {isa = PBXFileReference; fileEncoding = 4; lastKnownFileType = sourcecode.c.h; path = BMKOfflineMapType.h; sourceTree = "<group>"; };
		04E81A73179A8EA800FC6BA7 /* BMKOverlay.h */ = {isa = PBXFileReference; fileEncoding = 4; lastKnownFileType = sourcecode.c.h; path = BMKOverlay.h; sourceTree = "<group>"; };
		04E81A74179A8EA800FC6BA7 /* BMKOverlayPathView.h */ = {isa = PBXFileReference; fileEncoding = 4; lastKnownFileType = sourcecode.c.h; path = BMKOverlayPathView.h; sourceTree = "<group>"; };
		04E81A75179A8EA800FC6BA7 /* BMKOverlayView.h */ = {isa = PBXFileReference; fileEncoding = 4; lastKnownFileType = sourcecode.c.h; path = BMKOverlayView.h; sourceTree = "<group>"; };
		04E81A76179A8EA800FC6BA7 /* BMKPinAnnotationView.h */ = {isa = PBXFileReference; fileEncoding = 4; lastKnownFileType = sourcecode.c.h; path = BMKPinAnnotationView.h; sourceTree = "<group>"; };
		04E81A77179A8EA800FC6BA7 /* BMKPointAnnotation.h */ = {isa = PBXFileReference; fileEncoding = 4; lastKnownFileType = sourcecode.c.h; path = BMKPointAnnotation.h; sourceTree = "<group>"; };
		04E81A78179A8EA800FC6BA7 /* BMKPoiSearchType.h */ = {isa = PBXFileReference; fileEncoding = 4; lastKnownFileType = sourcecode.c.h; path = BMKPoiSearchType.h; sourceTree = "<group>"; };
		04E81A79179A8EA800FC6BA7 /* BMKPolygon.h */ = {isa = PBXFileReference; fileEncoding = 4; lastKnownFileType = sourcecode.c.h; path = BMKPolygon.h; sourceTree = "<group>"; };
		04E81A7A179A8EA800FC6BA7 /* BMKPolygonView.h */ = {isa = PBXFileReference; fileEncoding = 4; lastKnownFileType = sourcecode.c.h; path = BMKPolygonView.h; sourceTree = "<group>"; };
		04E81A7B179A8EA800FC6BA7 /* BMKPolyline.h */ = {isa = PBXFileReference; fileEncoding = 4; lastKnownFileType = sourcecode.c.h; path = BMKPolyline.h; sourceTree = "<group>"; };
		04E81A7C179A8EA800FC6BA7 /* BMKPolylineView.h */ = {isa = PBXFileReference; fileEncoding = 4; lastKnownFileType = sourcecode.c.h; path = BMKPolylineView.h; sourceTree = "<group>"; };
		04E81A7D179A8EA800FC6BA7 /* BMKRouteSearchType.h */ = {isa = PBXFileReference; fileEncoding = 4; lastKnownFileType = sourcecode.c.h; path = BMKRouteSearchType.h; sourceTree = "<group>"; };
		04E81A7E179A8EA800FC6BA7 /* BMKSearch.h */ = {isa = PBXFileReference; fileEncoding = 4; lastKnownFileType = sourcecode.c.h; path = BMKSearch.h; sourceTree = "<group>"; };
		04E81A7F179A8EA800FC6BA7 /* BMKShape.h */ = {isa = PBXFileReference; fileEncoding = 4; lastKnownFileType = sourcecode.c.h; path = BMKShape.h; sourceTree = "<group>"; };
		04E81A80179A8EA800FC6BA7 /* BMKTypes.h */ = {isa = PBXFileReference; fileEncoding = 4; lastKnownFileType = sourcecode.c.h; path = BMKTypes.h; sourceTree = "<group>"; };
		04E81A81179A8EA800FC6BA7 /* BMKUserLocation.h */ = {isa = PBXFileReference; fileEncoding = 4; lastKnownFileType = sourcecode.c.h; path = BMKUserLocation.h; sourceTree = "<group>"; };
		04E81A82179A8EA800FC6BA7 /* BMKVersion.h */ = {isa = PBXFileReference; fileEncoding = 4; lastKnownFileType = sourcecode.c.h; path = BMKVersion.h; sourceTree = "<group>"; };
		04E81A83179A8EA800FC6BA7 /* mapapi.bundle */ = {isa = PBXFileReference; lastKnownFileType = "wrapper.plug-in"; path = mapapi.bundle; sourceTree = "<group>"; };
		04E81A87179A913C00FC6BA7 /* QuartzCore.framework */ = {isa = PBXFileReference; lastKnownFileType = wrapper.framework; name = QuartzCore.framework; path = System/Library/Frameworks/QuartzCore.framework; sourceTree = SDKROOT; };
		04E81A89179A91E100FC6BA7 /* CoreLocation.framework */ = {isa = PBXFileReference; lastKnownFileType = wrapper.framework; name = CoreLocation.framework; path = System/Library/Frameworks/CoreLocation.framework; sourceTree = SDKROOT; };
		04E81A8B179A91E900FC6BA7 /* SystemConfiguration.framework */ = {isa = PBXFileReference; lastKnownFileType = wrapper.framework; name = SystemConfiguration.framework; path = System/Library/Frameworks/SystemConfiguration.framework; sourceTree = SDKROOT; };
		04E81A8D179A920400FC6BA7 /* OpenGLES.framework */ = {isa = PBXFileReference; lastKnownFileType = wrapper.framework; name = OpenGLES.framework; path = System/Library/Frameworks/OpenGLES.framework; sourceTree = SDKROOT; };
		04E81A8F179AA11700FC6BA7 /* libbaidumapapi.a */ = {isa = PBXFileReference; lastKnownFileType = archive.ar; path = libbaidumapapi.a; sourceTree = "<group>"; };
		04E81A91179ADFDA00FC6BA7 /* CalloutMapAnnotation.h */ = {isa = PBXFileReference; fileEncoding = 4; lastKnownFileType = sourcecode.c.h; path = CalloutMapAnnotation.h; sourceTree = "<group>"; };
		04E81A92179ADFDB00FC6BA7 /* CalloutMapAnnotation.m */ = {isa = PBXFileReference; fileEncoding = 4; lastKnownFileType = sourcecode.c.objc; path = CalloutMapAnnotation.m; sourceTree = "<group>"; };
		04E81A94179AE09D00FC6BA7 /* CallOutAnnotationView.h */ = {isa = PBXFileReference; fileEncoding = 4; lastKnownFileType = sourcecode.c.h; path = CallOutAnnotationView.h; sourceTree = "<group>"; };
		04E81A95179AE09E00FC6BA7 /* CallOutAnnotationView.m */ = {isa = PBXFileReference; fileEncoding = 4; lastKnownFileType = sourcecode.c.objc; path = CallOutAnnotationView.m; sourceTree = "<group>"; };
		04E81A9A179AE2B500FC6BA7 /* SportPointCell.xib */ = {isa = PBXFileReference; fileEncoding = 4; lastKnownFileType = file.xib; path = SportPointCell.xib; sourceTree = "<group>"; };
		04E81A9C179AE75D00FC6BA7 /* CustomPointAnnotation.h */ = {isa = PBXFileReference; lastKnownFileType = sourcecode.c.h; path = CustomPointAnnotation.h; sourceTree = "<group>"; };
		04E81A9D179AE75E00FC6BA7 /* CustomPointAnnotation.m */ = {isa = PBXFileReference; lastKnownFileType = sourcecode.c.objc; path = CustomPointAnnotation.m; sourceTree = "<group>"; };
		04E81A9E179AE8DF00FC6BA7 /* SportPointCell.h */ = {isa = PBXFileReference; fileEncoding = 4; lastKnownFileType = sourcecode.c.h; path = SportPointCell.h; sourceTree = "<group>"; };
		04E81A9F179AE8E000FC6BA7 /* SportPointCell.m */ = {isa = PBXFileReference; fileEncoding = 4; lastKnownFileType = sourcecode.c.objc; path = SportPointCell.m; sourceTree = "<group>"; };
		04E81AB2179B28F100FC6BA7 /* IZValueSelectorView.h */ = {isa = PBXFileReference; fileEncoding = 4; lastKnownFileType = sourcecode.c.h; path = IZValueSelectorView.h; sourceTree = "<group>"; };
		04E81AB3179B28F100FC6BA7 /* IZValueSelectorView.m */ = {isa = PBXFileReference; fileEncoding = 4; lastKnownFileType = sourcecode.c.objc; path = IZValueSelectorView.m; sourceTree = "<group>"; };
		B50E6FC1179A88A900ABF9CA /* JASidePanelController.h */ = {isa = PBXFileReference; fileEncoding = 4; lastKnownFileType = sourcecode.c.h; path = JASidePanelController.h; sourceTree = "<group>"; };
		B50E6FC2179A88A900ABF9CA /* JASidePanelController.m */ = {isa = PBXFileReference; fileEncoding = 4; lastKnownFileType = sourcecode.c.objc; path = JASidePanelController.m; sourceTree = "<group>"; };
		B50E6FC3179A88A900ABF9CA /* UIViewController+JASidePanel.h */ = {isa = PBXFileReference; fileEncoding = 4; lastKnownFileType = sourcecode.c.h; path = "UIViewController+JASidePanel.h"; sourceTree = "<group>"; };
		B50E6FC4179A88A900ABF9CA /* UIViewController+JASidePanel.m */ = {isa = PBXFileReference; fileEncoding = 4; lastKnownFileType = sourcecode.c.objc; path = "UIViewController+JASidePanel.m"; sourceTree = "<group>"; };
		B50E6FCE179A89E300ABF9CA /* CenterViewC.h */ = {isa = PBXFileReference; fileEncoding = 4; lastKnownFileType = sourcecode.c.h; path = CenterViewC.h; sourceTree = "<group>"; };
		B50E6FCF179A89E300ABF9CA /* CenterViewC.m */ = {isa = PBXFileReference; fileEncoding = 4; lastKnownFileType = sourcecode.c.objc; path = CenterViewC.m; sourceTree = "<group>"; };
		B50E6FD1179A89EF00ABF9CA /* LeftViewC.h */ = {isa = PBXFileReference; fileEncoding = 4; lastKnownFileType = sourcecode.c.h; path = LeftViewC.h; sourceTree = "<group>"; };
		B50E6FD2179A89EF00ABF9CA /* LeftViewC.m */ = {isa = PBXFileReference; fileEncoding = 4; lastKnownFileType = sourcecode.c.objc; path = LeftViewC.m; sourceTree = "<group>"; };
		B50E6FD4179A89FE00ABF9CA /* RightViewC.h */ = {isa = PBXFileReference; fileEncoding = 4; lastKnownFileType = sourcecode.c.h; path = RightViewC.h; sourceTree = "<group>"; };
		B50E6FD5179A89FE00ABF9CA /* RightViewC.mm */ = {isa = PBXFileReference; fileEncoding = 4; lastKnownFileType = sourcecode.cpp.objcpp; path = RightViewC.mm; sourceTree = "<group>"; };
		B51FDD41179B0E86008FDDE9 /* LeftTableViewCell.xib */ = {isa = PBXFileReference; fileEncoding = 4; lastKnownFileType = file.xib; path = LeftTableViewCell.xib; sourceTree = "<group>"; };
		B51FDD81179BA685008FDDE9 /* ListData.h */ = {isa = PBXFileReference; fileEncoding = 4; lastKnownFileType = sourcecode.c.h; path = ListData.h; sourceTree = "<group>"; };
		B51FDD82179BA685008FDDE9 /* ListData.m */ = {isa = PBXFileReference; fileEncoding = 4; lastKnownFileType = sourcecode.c.objc; path = ListData.m; sourceTree = "<group>"; };
		B51FDD84179BA68E008FDDE9 /* ModelTest.plist */ = {isa = PBXFileReference; fileEncoding = 4; lastKnownFileType = text.plist.xml; path = ModelTest.plist; sourceTree = "<group>"; };
		B51FDD87179BA6E5008FDDE9 /* P1.jpg */ = {isa = PBXFileReference; lastKnownFileType = image.jpeg; path = P1.jpg; sourceTree = "<group>"; };
		B51FDD89179BA6E5008FDDE9 /* P3.jpg */ = {isa = PBXFileReference; lastKnownFileType = image.jpeg; path = P3.jpg; sourceTree = "<group>"; };
		B51FDD8A179BA6E5008FDDE9 /* P4.jpg */ = {isa = PBXFileReference; lastKnownFileType = image.jpeg; path = P4.jpg; sourceTree = "<group>"; };
		B51FDD8B179BA6E5008FDDE9 /* P5.jpg */ = {isa = PBXFileReference; lastKnownFileType = image.jpeg; path = P5.jpg; sourceTree = "<group>"; };
		B51FDD8C179BA6E5008FDDE9 /* P6.jpg */ = {isa = PBXFileReference; lastKnownFileType = image.jpeg; path = P6.jpg; sourceTree = "<group>"; };
		B51FDD8D179BA6E5008FDDE9 /* P7.jpg */ = {isa = PBXFileReference; lastKnownFileType = image.jpeg; path = P7.jpg; sourceTree = "<group>"; };
		B51FDD8E179BA6E5008FDDE9 /* P8.jpg */ = {isa = PBXFileReference; lastKnownFileType = image.jpeg; path = P8.jpg; sourceTree = "<group>"; };
		B51FDD8F179BA6E5008FDDE9 /* P9.jpg */ = {isa = PBXFileReference; lastKnownFileType = image.jpeg; path = P9.jpg; sourceTree = "<group>"; };
		B51FDD90179BA6E5008FDDE9 /* P10.jpg */ = {isa = PBXFileReference; lastKnownFileType = image.jpeg; path = P10.jpg; sourceTree = "<group>"; };
		B51FDD91179BA6E5008FDDE9 /* P11.jpg */ = {isa = PBXFileReference; lastKnownFileType = image.jpeg; path = P11.jpg; sourceTree = "<group>"; };
		B51FDD92179BA6E5008FDDE9 /* P12.jpg */ = {isa = PBXFileReference; lastKnownFileType = image.jpeg; path = P12.jpg; sourceTree = "<group>"; };
		B51FDD93179BA6E5008FDDE9 /* P13.jpg */ = {isa = PBXFileReference; lastKnownFileType = image.jpeg; path = P13.jpg; sourceTree = "<group>"; };
		B51FDD94179BA6E5008FDDE9 /* P14.jpg */ = {isa = PBXFileReference; lastKnownFileType = image.jpeg; path = P14.jpg; sourceTree = "<group>"; };
		B51FDD95179BA6E5008FDDE9 /* P15.jpg */ = {isa = PBXFileReference; lastKnownFileType = image.jpeg; path = P15.jpg; sourceTree = "<group>"; };
		B51FDD96179BA6E5008FDDE9 /* P16.jpg */ = {isa = PBXFileReference; lastKnownFileType = image.jpeg; path = P16.jpg; sourceTree = "<group>"; };
		B51FDDA7179BA7BA008FDDE9 /* EGORefreshTableHeaderView.h */ = {isa = PBXFileReference; fileEncoding = 4; lastKnownFileType = sourcecode.c.h; name = EGORefreshTableHeaderView.h; path = RefreshTableHeaderView/EGORefreshTableHeaderView.h; sourceTree = "<group>"; };
		B51FDDA8179BA7BA008FDDE9 /* EGORefreshTableHeaderView.m */ = {isa = PBXFileReference; fileEncoding = 4; lastKnownFileType = sourcecode.c.objc; name = EGORefreshTableHeaderView.m; path = RefreshTableHeaderView/EGORefreshTableHeaderView.m; sourceTree = "<group>"; };
		B51FDDAA179BA7D5008FDDE9 /* SRDefine.h */ = {isa = PBXFileReference; fileEncoding = 4; lastKnownFileType = sourcecode.c.h; name = SRDefine.h; path = SlimeRefresh/SRDefine.h; sourceTree = "<group>"; };
		B51FDDAB179BA7D5008FDDE9 /* SRRefreshView.h */ = {isa = PBXFileReference; fileEncoding = 4; lastKnownFileType = sourcecode.c.h; name = SRRefreshView.h; path = SlimeRefresh/SRRefreshView.h; sourceTree = "<group>"; };
		B51FDDAC179BA7D6008FDDE9 /* SRRefreshView.m */ = {isa = PBXFileReference; fileEncoding = 4; lastKnownFileType = sourcecode.c.objc; name = SRRefreshView.m; path = SlimeRefresh/SRRefreshView.m; sourceTree = "<group>"; };
		B51FDDAD179BA7D6008FDDE9 /* SRSlimeView.h */ = {isa = PBXFileReference; fileEncoding = 4; lastKnownFileType = sourcecode.c.h; name = SRSlimeView.h; path = SlimeRefresh/SRSlimeView.h; sourceTree = "<group>"; };
		B51FDDAE179BA7D6008FDDE9 /* SRSlimeView.m */ = {isa = PBXFileReference; fileEncoding = 4; lastKnownFileType = sourcecode.c.objc; name = SRSlimeView.m; path = SlimeRefresh/SRSlimeView.m; sourceTree = "<group>"; };
		B51FDDB1179BA7E5008FDDE9 /* sr_refresh.png */ = {isa = PBXFileReference; lastKnownFileType = image.png; name = sr_refresh.png; path = SlimeRefresh/sr_refresh.png; sourceTree = "<group>"; };
		B51FDDB2179BA7E5008FDDE9 /* sr_refresh@2X.png */ = {isa = PBXFileReference; lastKnownFileType = image.png; name = "sr_refresh@2X.png"; path = "SlimeRefresh/sr_refresh@2X.png"; sourceTree = "<group>"; };
		B51FDDB5179BAB80008FDDE9 /* InputVC.h */ = {isa = PBXFileReference; fileEncoding = 4; lastKnownFileType = sourcecode.c.h; path = InputVC.h; sourceTree = "<group>"; };
		B51FDDB6179BAB80008FDDE9 /* InputVC.m */ = {isa = PBXFileReference; fileEncoding = 4; lastKnownFileType = sourcecode.c.objc; path = InputVC.m; sourceTree = "<group>"; };
		B51FDDB7179BAB80008FDDE9 /* InputVC.xib */ = {isa = PBXFileReference; fileEncoding = 4; lastKnownFileType = file.xib; path = InputVC.xib; sourceTree = "<group>"; };
		B51FDDBA179BB582008FDDE9 /* P2.jpg */ = {isa = PBXFileReference; lastKnownFileType = image.jpeg; path = P2.jpg; sourceTree = "<group>"; };
		B51FDDBC179BC38E008FDDE9 /* Icon-72.png */ = {isa = PBXFileReference; lastKnownFileType = image.png; path = "Icon-72.png"; sourceTree = "<group>"; };
		B51FDDBD179BC38E008FDDE9 /* Icon-72@2x.png */ = {isa = PBXFileReference; lastKnownFileType = image.png; path = "Icon-72@2x.png"; sourceTree = "<group>"; };
		B51FDDBE179BC38E008FDDE9 /* Icon-Small-50.png */ = {isa = PBXFileReference; lastKnownFileType = image.png; path = "Icon-Small-50.png"; sourceTree = "<group>"; };
		B51FDDBF179BC38E008FDDE9 /* Icon-Small-50@2x.png */ = {isa = PBXFileReference; lastKnownFileType = image.png; path = "Icon-Small-50@2x.png"; sourceTree = "<group>"; };
		B51FDDC0179BC38E008FDDE9 /* Icon-Small.png */ = {isa = PBXFileReference; lastKnownFileType = image.png; path = "Icon-Small.png"; sourceTree = "<group>"; };
		B51FDDC1179BC38E008FDDE9 /* Icon-Small@2x.png */ = {isa = PBXFileReference; lastKnownFileType = image.png; path = "Icon-Small@2x.png"; sourceTree = "<group>"; };
		B51FDDC2179BC38E008FDDE9 /* Icon.png */ = {isa = PBXFileReference; lastKnownFileType = image.png; path = Icon.png; sourceTree = "<group>"; };
		B51FDDC3179BC38E008FDDE9 /* Icon@2x.png */ = {isa = PBXFileReference; lastKnownFileType = image.png; path = "Icon@2x.png"; sourceTree = "<group>"; };
		B51FDDC4179BC38E008FDDE9 /* iTunesArtwork.png */ = {isa = PBXFileReference; lastKnownFileType = image.png; path = iTunesArtwork.png; sourceTree = "<group>"; };
		B51FDDC5179BC38E008FDDE9 /* iTunesArtwork@2x.png */ = {isa = PBXFileReference; lastKnownFileType = image.png; path = "iTunesArtwork@2x.png"; sourceTree = "<group>"; };
		B51FDDD0179BC656008FDDE9 /* line.png */ = {isa = PBXFileReference; lastKnownFileType = image.png; path = line.png; sourceTree = "<group>"; };
		B51FDDD2179BCAC1008FDDE9 /* set.png */ = {isa = PBXFileReference; lastKnownFileType = image.png; path = set.png; sourceTree = "<group>"; };
		B51FDDD4179BD081008FDDE9 /* home.png */ = {isa = PBXFileReference; lastKnownFileType = image.png; path = home.png; sourceTree = "<group>"; };
		B59C5E59179ABC7100A952FD /* sportMessage.h */ = {isa = PBXFileReference; fileEncoding = 4; lastKnownFileType = sourcecode.c.h; path = sportMessage.h; sourceTree = "<group>"; };
		B59C5E5A179ABC7100A952FD /* sportMessage.m */ = {isa = PBXFileReference; fileEncoding = 4; lastKnownFileType = sourcecode.c.objc; path = sportMessage.m; sourceTree = "<group>"; };
		B59C5E65179ABCA000A952FD /* OpenUDID.h */ = {isa = PBXFileReference; fileEncoding = 4; lastKnownFileType = sourcecode.c.h; path = OpenUDID.h; sourceTree = "<group>"; };
		B59C5E66179ABCA000A952FD /* OpenUDID.m */ = {isa = PBXFileReference; fileEncoding = 4; lastKnownFileType = sourcecode.c.objc; path = OpenUDID.m; sourceTree = "<group>"; };
		B5C2F426179A6D990049B8A8 /* iSport.app */ = {isa = PBXFileReference; explicitFileType = wrapper.application; includeInIndex = 0; path = iSport.app; sourceTree = BUILT_PRODUCTS_DIR; };
		B5C2F429179A6D990049B8A8 /* UIKit.framework */ = {isa = PBXFileReference; lastKnownFileType = wrapper.framework; name = UIKit.framework; path = System/Library/Frameworks/UIKit.framework; sourceTree = SDKROOT; };
		B5C2F42B179A6D990049B8A8 /* Foundation.framework */ = {isa = PBXFileReference; lastKnownFileType = wrapper.framework; name = Foundation.framework; path = System/Library/Frameworks/Foundation.framework; sourceTree = SDKROOT; };
		B5C2F42D179A6D990049B8A8 /* CoreGraphics.framework */ = {isa = PBXFileReference; lastKnownFileType = wrapper.framework; name = CoreGraphics.framework; path = System/Library/Frameworks/CoreGraphics.framework; sourceTree = SDKROOT; };
		B5C2F431179A6D990049B8A8 /* iSport-Info.plist */ = {isa = PBXFileReference; lastKnownFileType = text.plist.xml; path = "iSport-Info.plist"; sourceTree = "<group>"; };
		B5C2F433179A6D990049B8A8 /* en */ = {isa = PBXFileReference; lastKnownFileType = text.plist.strings; name = en; path = en.lproj/InfoPlist.strings; sourceTree = "<group>"; };
		B5C2F435179A6D990049B8A8 /* main.m */ = {isa = PBXFileReference; lastKnownFileType = sourcecode.c.objc; path = main.m; sourceTree = "<group>"; };
		B5C2F437179A6D990049B8A8 /* iSport-Prefix.pch */ = {isa = PBXFileReference; lastKnownFileType = sourcecode.c.h; path = "iSport-Prefix.pch"; sourceTree = "<group>"; };
		B5C2F438179A6D990049B8A8 /* AppDelegate.h */ = {isa = PBXFileReference; lastKnownFileType = sourcecode.c.h; path = AppDelegate.h; sourceTree = "<group>"; };
		B5C2F439179A6D990049B8A8 /* AppDelegate.m */ = {isa = PBXFileReference; lastKnownFileType = sourcecode.c.objc; path = AppDelegate.m; sourceTree = "<group>"; };
		CAB1585A179B410700B522EE /* CenterViewCell.h */ = {isa = PBXFileReference; fileEncoding = 4; lastKnownFileType = sourcecode.c.h; path = CenterViewCell.h; sourceTree = "<group>"; };
		CAB1585B179B410700B522EE /* CenterViewCell.m */ = {isa = PBXFileReference; fileEncoding = 4; lastKnownFileType = sourcecode.c.objc; path = CenterViewCell.m; sourceTree = "<group>"; };
		CAB1585C179B410700B522EE /* DetailViewController.h */ = {isa = PBXFileReference; fileEncoding = 4; lastKnownFileType = sourcecode.c.h; path = DetailViewController.h; sourceTree = "<group>"; };
		CAB1585D179B410700B522EE /* DetailViewController.m */ = {isa = PBXFileReference; fileEncoding = 4; lastKnownFileType = sourcecode.c.objc; path = DetailViewController.m; sourceTree = "<group>"; };
		CAB1585F179B410700B522EE /* BMapKit.h */ = {isa = PBXFileReference; fileEncoding = 4; lastKnownFileType = sourcecode.c.h; path = BMapKit.h; sourceTree = "<group>"; };
		CAB15860179B410700B522EE /* BMKAnnotation.h */ = {isa = PBXFileReference; fileEncoding = 4; lastKnownFileType = sourcecode.c.h; path = BMKAnnotation.h; sourceTree = "<group>"; };
		CAB15861179B410700B522EE /* BMKAnnotationView.h */ = {isa = PBXFileReference; fileEncoding = 4; lastKnownFileType = sourcecode.c.h; path = BMKAnnotationView.h; sourceTree = "<group>"; };
		CAB15862179B410700B522EE /* BMKCircle.h */ = {isa = PBXFileReference; fileEncoding = 4; lastKnownFileType = sourcecode.c.h; path = BMKCircle.h; sourceTree = "<group>"; };
		CAB15863179B410700B522EE /* BMKCircleView.h */ = {isa = PBXFileReference; fileEncoding = 4; lastKnownFileType = sourcecode.c.h; path = BMKCircleView.h; sourceTree = "<group>"; };
		CAB15864179B410700B522EE /* BMKGeneralDelegate.h */ = {isa = PBXFileReference; fileEncoding = 4; lastKnownFileType = sourcecode.c.h; path = BMKGeneralDelegate.h; sourceTree = "<group>"; };
		CAB15865179B410700B522EE /* BMKGeocodeType.h */ = {isa = PBXFileReference; fileEncoding = 4; lastKnownFileType = sourcecode.c.h; path = BMKGeocodeType.h; sourceTree = "<group>"; };
		CAB15866179B410700B522EE /* BMKGeometry.h */ = {isa = PBXFileReference; fileEncoding = 4; lastKnownFileType = sourcecode.c.h; path = BMKGeometry.h; sourceTree = "<group>"; };
		CAB15867179B410700B522EE /* BMKMapManager.h */ = {isa = PBXFileReference; fileEncoding = 4; lastKnownFileType = sourcecode.c.h; path = BMKMapManager.h; sourceTree = "<group>"; };
		CAB15868179B410700B522EE /* BMKMapView.h */ = {isa = PBXFileReference; fileEncoding = 4; lastKnownFileType = sourcecode.c.h; path = BMKMapView.h; sourceTree = "<group>"; };
		CAB15869179B410700B522EE /* BMKMultiPoint.h */ = {isa = PBXFileReference; fileEncoding = 4; lastKnownFileType = sourcecode.c.h; path = BMKMultiPoint.h; sourceTree = "<group>"; };
		CAB1586A179B410700B522EE /* BMKOfflineMap.h */ = {isa = PBXFileReference; fileEncoding = 4; lastKnownFileType = sourcecode.c.h; path = BMKOfflineMap.h; sourceTree = "<group>"; };
		CAB1586B179B410700B522EE /* BMKOfflineMapType.h */ = {isa = PBXFileReference; fileEncoding = 4; lastKnownFileType = sourcecode.c.h; path = BMKOfflineMapType.h; sourceTree = "<group>"; };
		CAB1586C179B410700B522EE /* BMKOverlay.h */ = {isa = PBXFileReference; fileEncoding = 4; lastKnownFileType = sourcecode.c.h; path = BMKOverlay.h; sourceTree = "<group>"; };
		CAB1586D179B410700B522EE /* BMKOverlayPathView.h */ = {isa = PBXFileReference; fileEncoding = 4; lastKnownFileType = sourcecode.c.h; path = BMKOverlayPathView.h; sourceTree = "<group>"; };
		CAB1586E179B410700B522EE /* BMKOverlayView.h */ = {isa = PBXFileReference; fileEncoding = 4; lastKnownFileType = sourcecode.c.h; path = BMKOverlayView.h; sourceTree = "<group>"; };
		CAB1586F179B410700B522EE /* BMKPinAnnotationView.h */ = {isa = PBXFileReference; fileEncoding = 4; lastKnownFileType = sourcecode.c.h; path = BMKPinAnnotationView.h; sourceTree = "<group>"; };
		CAB15870179B410700B522EE /* BMKPointAnnotation.h */ = {isa = PBXFileReference; fileEncoding = 4; lastKnownFileType = sourcecode.c.h; path = BMKPointAnnotation.h; sourceTree = "<group>"; };
		CAB15871179B410700B522EE /* BMKPoiSearchType.h */ = {isa = PBXFileReference; fileEncoding = 4; lastKnownFileType = sourcecode.c.h; path = BMKPoiSearchType.h; sourceTree = "<group>"; };
		CAB15872179B410700B522EE /* BMKPolygon.h */ = {isa = PBXFileReference; fileEncoding = 4; lastKnownFileType = sourcecode.c.h; path = BMKPolygon.h; sourceTree = "<group>"; };
		CAB15873179B410700B522EE /* BMKPolygonView.h */ = {isa = PBXFileReference; fileEncoding = 4; lastKnownFileType = sourcecode.c.h; path = BMKPolygonView.h; sourceTree = "<group>"; };
		CAB15874179B410700B522EE /* BMKPolyline.h */ = {isa = PBXFileReference; fileEncoding = 4; lastKnownFileType = sourcecode.c.h; path = BMKPolyline.h; sourceTree = "<group>"; };
		CAB15875179B410700B522EE /* BMKPolylineView.h */ = {isa = PBXFileReference; fileEncoding = 4; lastKnownFileType = sourcecode.c.h; path = BMKPolylineView.h; sourceTree = "<group>"; };
		CAB15876179B410700B522EE /* BMKRouteSearchType.h */ = {isa = PBXFileReference; fileEncoding = 4; lastKnownFileType = sourcecode.c.h; path = BMKRouteSearchType.h; sourceTree = "<group>"; };
		CAB15877179B410700B522EE /* BMKSearch.h */ = {isa = PBXFileReference; fileEncoding = 4; lastKnownFileType = sourcecode.c.h; path = BMKSearch.h; sourceTree = "<group>"; };
		CAB15878179B410700B522EE /* BMKShape.h */ = {isa = PBXFileReference; fileEncoding = 4; lastKnownFileType = sourcecode.c.h; path = BMKShape.h; sourceTree = "<group>"; };
		CAB15879179B410700B522EE /* BMKTypes.h */ = {isa = PBXFileReference; fileEncoding = 4; lastKnownFileType = sourcecode.c.h; path = BMKTypes.h; sourceTree = "<group>"; };
		CAB1587A179B410700B522EE /* BMKUserLocation.h */ = {isa = PBXFileReference; fileEncoding = 4; lastKnownFileType = sourcecode.c.h; path = BMKUserLocation.h; sourceTree = "<group>"; };
		CAB1587B179B410700B522EE /* BMKVersion.h */ = {isa = PBXFileReference; fileEncoding = 4; lastKnownFileType = sourcecode.c.h; path = BMKVersion.h; sourceTree = "<group>"; };
		CAB1587C179B410700B522EE /* ListTableView.h */ = {isa = PBXFileReference; fileEncoding = 4; lastKnownFileType = sourcecode.c.h; path = ListTableView.h; sourceTree = "<group>"; };
		CAB1587D179B410700B522EE /* ListTableView.m */ = {isa = PBXFileReference; fileEncoding = 4; lastKnownFileType = sourcecode.c.objc; path = ListTableView.m; sourceTree = "<group>"; };
		CAB1587E179B410700B522EE /* MLNavigationController.h */ = {isa = PBXFileReference; fileEncoding = 4; lastKnownFileType = sourcecode.c.h; path = MLNavigationController.h; sourceTree = "<group>"; };
		CAB1587F179B410700B522EE /* MLNavigationController.m */ = {isa = PBXFileReference; fileEncoding = 4; lastKnownFileType = sourcecode.c.objc; path = MLNavigationController.m; sourceTree = "<group>"; };
		CAB15881179B410700B522EE /* CHAvatarView.h */ = {isa = PBXFileReference; fileEncoding = 4; lastKnownFileType = sourcecode.c.h; path = CHAvatarView.h; sourceTree = "<group>"; };
		CAB15882179B410700B522EE /* CHAvatarView.m */ = {isa = PBXFileReference; fileEncoding = 4; lastKnownFileType = sourcecode.c.objc; path = CHAvatarView.m; sourceTree = "<group>"; };
		CAB15883179B410700B522EE /* CHDraggableView+Avatar.h */ = {isa = PBXFileReference; fileEncoding = 4; lastKnownFileType = sourcecode.c.h; path = "CHDraggableView+Avatar.h"; sourceTree = "<group>"; };
		CAB15884179B410700B522EE /* CHDraggableView+Avatar.m */ = {isa = PBXFileReference; fileEncoding = 4; lastKnownFileType = sourcecode.c.objc; path = "CHDraggableView+Avatar.m"; sourceTree = "<group>"; };
		CAB15885179B410700B522EE /* CHDraggableView.h */ = {isa = PBXFileReference; fileEncoding = 4; lastKnownFileType = sourcecode.c.h; path = CHDraggableView.h; sourceTree = "<group>"; };
		CAB15886179B410700B522EE /* CHDraggableView.m */ = {isa = PBXFileReference; fileEncoding = 4; lastKnownFileType = sourcecode.c.objc; path = CHDraggableView.m; sourceTree = "<group>"; };
		CAB15887179B410700B522EE /* CHDraggingCoordinator.h */ = {isa = PBXFileReference; fileEncoding = 4; lastKnownFileType = sourcecode.c.h; path = CHDraggingCoordinator.h; sourceTree = "<group>"; };
		CAB15888179B410700B522EE /* CHDraggingCoordinator.m */ = {isa = PBXFileReference; fileEncoding = 4; lastKnownFileType = sourcecode.c.objc; path = CHDraggingCoordinator.m; sourceTree = "<group>"; };
		CAB15889179B410700B522EE /* UINavigationBar+CustomNavBarColor.h */ = {isa = PBXFileReference; fileEncoding = 4; lastKnownFileType = sourcecode.c.h; path = "UINavigationBar+CustomNavBarColor.h"; sourceTree = "<group>"; };
		CAB1588A179B410700B522EE /* UINavigationBar+CustomNavBarColor.m */ = {isa = PBXFileReference; fileEncoding = 4; lastKnownFileType = sourcecode.c.objc; path = "UINavigationBar+CustomNavBarColor.m"; sourceTree = "<group>"; };
		CAB1588B179B410700B522EE /* UIView+customBackground.h */ = {isa = PBXFileReference; fileEncoding = 4; lastKnownFileType = sourcecode.c.h; path = "UIView+customBackground.h"; sourceTree = "<group>"; };
		CAB1588C179B410700B522EE /* UIView+customBackground.m */ = {isa = PBXFileReference; fileEncoding = 4; lastKnownFileType = sourcecode.c.objc; path = "UIView+customBackground.m"; sourceTree = "<group>"; };
		CAB1588E179B410700B522EE /* UIView+Frame.h */ = {isa = PBXFileReference; fileEncoding = 4; lastKnownFileType = sourcecode.c.h; path = "UIView+Frame.h"; sourceTree = "<group>"; };
		CAB1588F179B410700B522EE /* UIView+Frame.m */ = {isa = PBXFileReference; fileEncoding = 4; lastKnownFileType = sourcecode.c.objc; path = "UIView+Frame.m"; sourceTree = "<group>"; };
		CAB158C1179B456F00B522EE /* ArrowRight.png */ = {isa = PBXFileReference; lastKnownFileType = image.png; path = ArrowRight.png; sourceTree = "<group>"; };
		CAB158C2179B456F00B522EE /* ArrowRight@2x.png */ = {isa = PBXFileReference; lastKnownFileType = image.png; path = "ArrowRight@2x.png"; sourceTree = "<group>"; };
		CAB158C3179B456F00B522EE /* back.png */ = {isa = PBXFileReference; lastKnownFileType = image.png; path = back.png; sourceTree = "<group>"; };
		CAB158C4179B456F00B522EE /* BackgroundTextures.png */ = {isa = PBXFileReference; lastKnownFileType = image.png; path = BackgroundTextures.png; sourceTree = "<group>"; };
		CAB158C5179B456F00B522EE /* BackgroundTextures@2x.png */ = {isa = PBXFileReference; lastKnownFileType = image.png; path = "BackgroundTextures@2x.png"; sourceTree = "<group>"; };
		CAB158C6179B456F00B522EE /* badminton.png */ = {isa = PBXFileReference; lastKnownFileType = image.png; path = badminton.png; sourceTree = "<group>"; };
		CAB158C7179B456F00B522EE /* basketball.png */ = {isa = PBXFileReference; lastKnownFileType = image.png; path = basketball.png; sourceTree = "<group>"; };
		CAB158C8179B456F00B522EE /* cellbg.png */ = {isa = PBXFileReference; lastKnownFileType = image.png; path = cellbg.png; sourceTree = "<group>"; };
		CAB158C9179B456F00B522EE /* cellbg@2x.png */ = {isa = PBXFileReference; lastKnownFileType = image.png; path = "cellbg@2x.png"; sourceTree = "<group>"; };
		CAB158CA179B456F00B522EE /* Default-568h@2x.png */ = {isa = PBXFileReference; lastKnownFileType = image.png; path = "Default-568h@2x.png"; sourceTree = "<group>"; };
		CAB158CB179B456F00B522EE /* Default.png */ = {isa = PBXFileReference; lastKnownFileType = image.png; path = Default.png; sourceTree = "<group>"; };
		CAB158CC179B456F00B522EE /* Default@2x.png */ = {isa = PBXFileReference; lastKnownFileType = image.png; path = "Default@2x.png"; sourceTree = "<group>"; };
		CAB158CD179B456F00B522EE /* football.png */ = {isa = PBXFileReference; lastKnownFileType = image.png; path = football.png; sourceTree = "<group>"; };
		CAB158CE179B456F00B522EE /* headbg.png */ = {isa = PBXFileReference; lastKnownFileType = image.png; path = headbg.png; sourceTree = "<group>"; };
		CAB158CF179B456F00B522EE /* headbg@2x.png */ = {isa = PBXFileReference; lastKnownFileType = image.png; path = "headbg@2x.png"; sourceTree = "<group>"; };
		CAB158D0179B456F00B522EE /* marker@2x.png */ = {isa = PBXFileReference; lastKnownFileType = image.png; path = "marker@2x.png"; sourceTree = "<group>"; };
		CAB158D1179B456F00B522EE /* menu.png */ = {isa = PBXFileReference; lastKnownFileType = image.png; path = menu.png; sourceTree = "<group>"; };
		CAB158D2179B456F00B522EE /* menu1.png */ = {isa = PBXFileReference; lastKnownFileType = image.png; path = menu1.png; sourceTree = "<group>"; };
		CAB158D3179B456F00B522EE /* menu2.png */ = {isa = PBXFileReference; lastKnownFileType = image.png; path = menu2.png; sourceTree = "<group>"; };
		CAB158D4179B456F00B522EE /* NavigationBar.png */ = {isa = PBXFileReference; lastKnownFileType = image.png; path = NavigationBar.png; sourceTree = "<group>"; };
		CAB158D5179B456F00B522EE /* NavigationBar@2x.png */ = {isa = PBXFileReference; lastKnownFileType = image.png; path = "NavigationBar@2x.png"; sourceTree = "<group>"; };
		CAB158D7179B456F00B522EE /* pingpong.png */ = {isa = PBXFileReference; lastKnownFileType = image.png; path = pingpong.png; sourceTree = "<group>"; };
		CAB158D8179B456F00B522EE /* sendMsg.png */ = {isa = PBXFileReference; lastKnownFileType = image.png; path = sendMsg.png; sourceTree = "<group>"; };
		CAB158DA179B456F00B522EE /* test.png */ = {isa = PBXFileReference; lastKnownFileType = image.png; path = test.png; sourceTree = "<group>"; };
		CAB158F6179B470900B522EE /* markbadminton.png */ = {isa = PBXFileReference; lastKnownFileType = image.png; path = markbadminton.png; sourceTree = "<group>"; };
		CAB158F7179B470900B522EE /* markbasketball.png */ = {isa = PBXFileReference; lastKnownFileType = image.png; path = markbasketball.png; sourceTree = "<group>"; };
		CAB158F8179B470900B522EE /* markfootball.png */ = {isa = PBXFileReference; lastKnownFileType = image.png; path = markfootball.png; sourceTree = "<group>"; };
		CAB158F9179B470900B522EE /* markpingpang.png */ = {isa = PBXFileReference; lastKnownFileType = image.png; path = markpingpang.png; sourceTree = "<group>"; };
		CAB158FA179B470900B522EE /* marktennisball.png */ = {isa = PBXFileReference; lastKnownFileType = image.png; path = marktennisball.png; sourceTree = "<group>"; };
		CAB15901179B4DF500B522EE /* tennis.png */ = {isa = PBXFileReference; lastKnownFileType = image.png; path = tennis.png; sourceTree = "<group>"; };
		CAB15904179B522800B522EE /* HeaderViewTopbg.png */ = {isa = PBXFileReference; lastKnownFileType = image.png; path = HeaderViewTopbg.png; sourceTree = "<group>"; };
		CAB15905179B522800B522EE /* HeaderViewTopbg@2x.png */ = {isa = PBXFileReference; lastKnownFileType = image.png; path = "HeaderViewTopbg@2x.png"; sourceTree = "<group>"; };
		CAB15908179B530100B522EE /* DetailHeaderView.h */ = {isa = PBXFileReference; fileEncoding = 4; lastKnownFileType = sourcecode.c.h; path = DetailHeaderView.h; sourceTree = "<group>"; };
		CAB15909179B530100B522EE /* DetailHeaderView.m */ = {isa = PBXFileReference; fileEncoding = 4; lastKnownFileType = sourcecode.c.objc; path = DetailHeaderView.m; sourceTree = "<group>"; };
		CAB1590B179B571900B522EE /* TitleTypeCell.h */ = {isa = PBXFileReference; fileEncoding = 4; lastKnownFileType = sourcecode.c.h; path = TitleTypeCell.h; sourceTree = "<group>"; };
		CAB1590C179B571900B522EE /* TitleTypeCell.m */ = {isa = PBXFileReference; fileEncoding = 4; lastKnownFileType = sourcecode.c.objc; path = TitleTypeCell.m; sourceTree = "<group>"; };
		CAB1590E179B572B00B522EE /* TimeTypeCell.h */ = {isa = PBXFileReference; fileEncoding = 4; lastKnownFileType = sourcecode.c.h; path = TimeTypeCell.h; sourceTree = "<group>"; };
		CAB1590F179B572B00B522EE /* TimeTypeCell.m */ = {isa = PBXFileReference; fileEncoding = 4; lastKnownFileType = sourcecode.c.objc; path = TimeTypeCell.m; sourceTree = "<group>"; };
		CAB15911179B573900B522EE /* DetailTypeCell.h */ = {isa = PBXFileReference; fileEncoding = 4; lastKnownFileType = sourcecode.c.h; path = DetailTypeCell.h; sourceTree = "<group>"; };
		CAB15912179B573900B522EE /* DetailTypeCell.m */ = {isa = PBXFileReference; fileEncoding = 4; lastKnownFileType = sourcecode.c.objc; path = DetailTypeCell.m; sourceTree = "<group>"; };
		CAB15914179B574C00B522EE /* AvatarTypeCell.h */ = {isa = PBXFileReference; fileEncoding = 4; lastKnownFileType = sourcecode.c.h; path = AvatarTypeCell.h; sourceTree = "<group>"; };
		CAB15915179B574C00B522EE /* AvatarTypeCell.m */ = {isa = PBXFileReference; fileEncoding = 4; lastKnownFileType = sourcecode.c.objc; path = AvatarTypeCell.m; sourceTree = "<group>"; };
/* End PBXFileReference section */

/* Begin PBXFrameworksBuildPhase section */
		B5C2F423179A6D990049B8A8 /* Frameworks */ = {
			isa = PBXFrameworksBuildPhase;
			buildActionMask = 2147483647;
			files = (
				04E81A8E179A920400FC6BA7 /* OpenGLES.framework in Frameworks */,
				04E81A8C179A91E900FC6BA7 /* SystemConfiguration.framework in Frameworks */,
				04E81A8A179A91E100FC6BA7 /* CoreLocation.framework in Frameworks */,
				04E81A88179A913C00FC6BA7 /* QuartzCore.framework in Frameworks */,
				B5C2F42A179A6D990049B8A8 /* UIKit.framework in Frameworks */,
				B5C2F42C179A6D990049B8A8 /* Foundation.framework in Frameworks */,
				B5C2F42E179A6D990049B8A8 /* CoreGraphics.framework in Frameworks */,
				04E81A90179AA11700FC6BA7 /* libbaidumapapi.a in Frameworks */,
			);
			runOnlyForDeploymentPostprocessing = 0;
		};
/* End PBXFrameworksBuildPhase section */

/* Begin PBXGroup section */
		04E81A64179A8E7C00FC6BA7 /* BMapSDK */ = {
			isa = PBXGroup;
			children = (
				04E81A8F179AA11700FC6BA7 /* libbaidumapapi.a */,
				04E81A65179A8EA800FC6BA7 /* inc */,
				04E81A83179A8EA800FC6BA7 /* mapapi.bundle */,
			);
			name = BMapSDK;
			sourceTree = "<group>";
		};
		04E81A65179A8EA800FC6BA7 /* inc */ = {
			isa = PBXGroup;
			children = (
				04E81A66179A8EA800FC6BA7 /* BMapKit.h */,
				04E81A67179A8EA800FC6BA7 /* BMKAnnotation.h */,
				04E81A68179A8EA800FC6BA7 /* BMKAnnotationView.h */,
				04E81A69179A8EA800FC6BA7 /* BMKCircle.h */,
				04E81A6A179A8EA800FC6BA7 /* BMKCircleView.h */,
				04E81A6B179A8EA800FC6BA7 /* BMKGeneralDelegate.h */,
				04E81A6C179A8EA800FC6BA7 /* BMKGeocodeType.h */,
				04E81A6D179A8EA800FC6BA7 /* BMKGeometry.h */,
				04E81A6E179A8EA800FC6BA7 /* BMKMapManager.h */,
				04E81A6F179A8EA800FC6BA7 /* BMKMapView.h */,
				04E81A70179A8EA800FC6BA7 /* BMKMultiPoint.h */,
				04E81A71179A8EA800FC6BA7 /* BMKOfflineMap.h */,
				04E81A72179A8EA800FC6BA7 /* BMKOfflineMapType.h */,
				04E81A73179A8EA800FC6BA7 /* BMKOverlay.h */,
				04E81A74179A8EA800FC6BA7 /* BMKOverlayPathView.h */,
				04E81A75179A8EA800FC6BA7 /* BMKOverlayView.h */,
				04E81A76179A8EA800FC6BA7 /* BMKPinAnnotationView.h */,
				04E81A77179A8EA800FC6BA7 /* BMKPointAnnotation.h */,
				04E81A78179A8EA800FC6BA7 /* BMKPoiSearchType.h */,
				04E81A79179A8EA800FC6BA7 /* BMKPolygon.h */,
				04E81A7A179A8EA800FC6BA7 /* BMKPolygonView.h */,
				04E81A7B179A8EA800FC6BA7 /* BMKPolyline.h */,
				04E81A7C179A8EA800FC6BA7 /* BMKPolylineView.h */,
				04E81A7D179A8EA800FC6BA7 /* BMKRouteSearchType.h */,
				04E81A7E179A8EA800FC6BA7 /* BMKSearch.h */,
				04E81A7F179A8EA800FC6BA7 /* BMKShape.h */,
				04E81A80179A8EA800FC6BA7 /* BMKTypes.h */,
				04E81A81179A8EA800FC6BA7 /* BMKUserLocation.h */,
				04E81A82179A8EA800FC6BA7 /* BMKVersion.h */,
			);
			path = inc;
			sourceTree = "<group>";
		};
		04E81AA4179B021100FC6BA7 /* Annatation */ = {
			isa = PBXGroup;
			children = (
				04E81A91179ADFDA00FC6BA7 /* CalloutMapAnnotation.h */,
				04E81A92179ADFDB00FC6BA7 /* CalloutMapAnnotation.m */,
				04E81A94179AE09D00FC6BA7 /* CallOutAnnotationView.h */,
				04E81A95179AE09E00FC6BA7 /* CallOutAnnotationView.m */,
				04E81A9E179AE8DF00FC6BA7 /* SportPointCell.h */,
				04E81A9F179AE8E000FC6BA7 /* SportPointCell.m */,
				04E81A9A179AE2B500FC6BA7 /* SportPointCell.xib */,
				04E81A9C179AE75D00FC6BA7 /* CustomPointAnnotation.h */,
				04E81A9D179AE75E00FC6BA7 /* CustomPointAnnotation.m */,
			);
			name = Annatation;
			sourceTree = "<group>";
		};
		B50E6FC7179A88C200ABF9CA /* JASidePanel */ = {
			isa = PBXGroup;
			children = (
				B50E6FC1179A88A900ABF9CA /* JASidePanelController.h */,
				B50E6FC2179A88A900ABF9CA /* JASidePanelController.m */,
				B50E6FC3179A88A900ABF9CA /* UIViewController+JASidePanel.h */,
				B50E6FC4179A88A900ABF9CA /* UIViewController+JASidePanel.m */,
			);
			name = JASidePanel;
			sourceTree = "<group>";
		};
		B51FDD86179BA6C8008FDDE9 /* HeadImg */ = {
			isa = PBXGroup;
			children = (
				B51FDDBA179BB582008FDDE9 /* P2.jpg */,
				B51FDD87179BA6E5008FDDE9 /* P1.jpg */,
				B51FDD89179BA6E5008FDDE9 /* P3.jpg */,
				B51FDD8A179BA6E5008FDDE9 /* P4.jpg */,
				B51FDD8B179BA6E5008FDDE9 /* P5.jpg */,
				B51FDD8C179BA6E5008FDDE9 /* P6.jpg */,
				B51FDD8D179BA6E5008FDDE9 /* P7.jpg */,
				B51FDD8E179BA6E5008FDDE9 /* P8.jpg */,
				B51FDD8F179BA6E5008FDDE9 /* P9.jpg */,
				B51FDD90179BA6E5008FDDE9 /* P10.jpg */,
				B51FDD91179BA6E5008FDDE9 /* P11.jpg */,
				B51FDD92179BA6E5008FDDE9 /* P12.jpg */,
				B51FDD93179BA6E5008FDDE9 /* P13.jpg */,
				B51FDD94179BA6E5008FDDE9 /* P14.jpg */,
				B51FDD95179BA6E5008FDDE9 /* P15.jpg */,
				B51FDD96179BA6E5008FDDE9 /* P16.jpg */,
			);
			name = HeadImg;
			sourceTree = "<group>";
		};
		B59C5E56179ABC3800A952FD /* Model */ = {
			isa = PBXGroup;
			children = (
				B51FDD81179BA685008FDDE9 /* ListData.h */,
				B51FDD82179BA685008FDDE9 /* ListData.m */,
				B59C5E59179ABC7100A952FD /* sportMessage.h */,
				B59C5E5A179ABC7100A952FD /* sportMessage.m */,
			);
			name = Model;
			sourceTree = "<group>";
		};
		B59C5E57179ABC3E00A952FD /* Tools */ = {
			isa = PBXGroup;
			children = (
				CAB1585A179B410700B522EE /* CenterViewCell.h */,
				CAB1585B179B410700B522EE /* CenterViewCell.m */,
				CAB1585C179B410700B522EE /* DetailViewController.h */,
				CAB1585D179B410700B522EE /* DetailViewController.m */,
				CAB1590B179B571900B522EE /* TitleTypeCell.h */,
				CAB1590C179B571900B522EE /* TitleTypeCell.m */,
				CAB1590E179B572B00B522EE /* TimeTypeCell.h */,
				CAB1590F179B572B00B522EE /* TimeTypeCell.m */,
				CAB15911179B573900B522EE /* DetailTypeCell.h */,
				CAB15912179B573900B522EE /* DetailTypeCell.m */,
				CAB15914179B574C00B522EE /* AvatarTypeCell.h */,
				CAB15915179B574C00B522EE /* AvatarTypeCell.m */,
				CAB15908179B530100B522EE /* DetailHeaderView.h */,
				CAB15909179B530100B522EE /* DetailHeaderView.m */,
				CAB1585E179B410700B522EE /* inc */,
				CAB1587C179B410700B522EE /* ListTableView.h */,
				CAB1587D179B410700B522EE /* ListTableView.m */,
				CAB1587E179B410700B522EE /* MLNavigationController.h */,
				CAB1587F179B410700B522EE /* MLNavigationController.m */,
				CAB15880179B410700B522EE /* RoundAvatar */,
				CAB15889179B410700B522EE /* UINavigationBar+CustomNavBarColor.h */,
				CAB1588A179B410700B522EE /* UINavigationBar+CustomNavBarColor.m */,
				CAB1588B179B410700B522EE /* UIView+customBackground.h */,
				CAB1588C179B410700B522EE /* UIView+customBackground.m */,
				CAB1588D179B410700B522EE /* UIView+Frame */,
				B50E6FC7179A88C200ABF9CA /* JASidePanel */,
				04E81A64179A8E7C00FC6BA7 /* BMapSDK */,
				B59C5E65179ABCA000A952FD /* OpenUDID.h */,
				B59C5E66179ABCA000A952FD /* OpenUDID.m */,
			);
			name = Tools;
			sourceTree = "<group>";
		};
		B5C2F41D179A6D990049B8A8 = {
			isa = PBXGroup;
			children = (
				B5C2F42F179A6D990049B8A8 /* iSport */,
				B5C2F428179A6D990049B8A8 /* Frameworks */,
				B5C2F427179A6D990049B8A8 /* Products */,
			);
			sourceTree = "<group>";
		};
		B5C2F427179A6D990049B8A8 /* Products */ = {
			isa = PBXGroup;
			children = (
				B5C2F426179A6D990049B8A8 /* iSport.app */,
			);
			name = Products;
			sourceTree = "<group>";
		};
		B5C2F428179A6D990049B8A8 /* Frameworks */ = {
			isa = PBXGroup;
			children = (
				04E81A8D179A920400FC6BA7 /* OpenGLES.framework */,
				04E81A8B179A91E900FC6BA7 /* SystemConfiguration.framework */,
				04E81A89179A91E100FC6BA7 /* CoreLocation.framework */,
				04E81A87179A913C00FC6BA7 /* QuartzCore.framework */,
				B5C2F429179A6D990049B8A8 /* UIKit.framework */,
				B5C2F42B179A6D990049B8A8 /* Foundation.framework */,
				B5C2F42D179A6D990049B8A8 /* CoreGraphics.framework */,
			);
			name = Frameworks;
			sourceTree = "<group>";
		};
		B5C2F42F179A6D990049B8A8 /* iSport */ = {
			isa = PBXGroup;
			children = (
				B5C2F438179A6D990049B8A8 /* AppDelegate.h */,
				B5C2F439179A6D990049B8A8 /* AppDelegate.m */,
				B50E6FCE179A89E300ABF9CA /* CenterViewC.h */,
				B50E6FCF179A89E300ABF9CA /* CenterViewC.m */,
				B50E6FD1179A89EF00ABF9CA /* LeftViewC.h */,
				B50E6FD2179A89EF00ABF9CA /* LeftViewC.m */,
				B50E6FD4179A89FE00ABF9CA /* RightViewC.h */,
				B50E6FD5179A89FE00ABF9CA /* RightViewC.mm */,
				B51FDDB5179BAB80008FDDE9 /* InputVC.h */,
				B51FDDB6179BAB80008FDDE9 /* InputVC.m */,
				B51FDDB7179BAB80008FDDE9 /* InputVC.xib */,
				B51FDD41179B0E86008FDDE9 /* LeftTableViewCell.xib */,
				04E81AB2179B28F100FC6BA7 /* IZValueSelectorView.h */,
				04E81AB3179B28F100FC6BA7 /* IZValueSelectorView.m */,
				B51FDDA7179BA7BA008FDDE9 /* EGORefreshTableHeaderView.h */,
				B51FDDA8179BA7BA008FDDE9 /* EGORefreshTableHeaderView.m */,
				B51FDDAA179BA7D5008FDDE9 /* SRDefine.h */,
				B51FDDAB179BA7D5008FDDE9 /* SRRefreshView.h */,
				B51FDDAC179BA7D6008FDDE9 /* SRRefreshView.m */,
				B51FDDAD179BA7D6008FDDE9 /* SRSlimeView.h */,
				B51FDDAE179BA7D6008FDDE9 /* SRSlimeView.m */,
				04E81AA4179B021100FC6BA7 /* Annatation */,
				B59C5E56179ABC3800A952FD /* Model */,
				B59C5E57179ABC3E00A952FD /* Tools */,
				CAB158BF179B456500B522EE /* Resources */,
				B5C2F430179A6D990049B8A8 /* Supporting Files */,
			);
			path = iSport;
			sourceTree = "<group>";
		};
		B5C2F430179A6D990049B8A8 /* Supporting Files */ = {
			isa = PBXGroup;
			children = (
				B51FDDD2179BCAC1008FDDE9 /* set.png */,
				B51FDD84179BA68E008FDDE9 /* ModelTest.plist */,
				B5C2F431179A6D990049B8A8 /* iSport-Info.plist */,
				B5C2F432179A6D990049B8A8 /* InfoPlist.strings */,
				B5C2F435179A6D990049B8A8 /* main.m */,
				B5C2F437179A6D990049B8A8 /* iSport-Prefix.pch */,
			);
			name = "Supporting Files";
			sourceTree = "<group>";
		};
		CAB1585E179B410700B522EE /* inc */ = {
			isa = PBXGroup;
			children = (
				CAB1585F179B410700B522EE /* BMapKit.h */,
				CAB15860179B410700B522EE /* BMKAnnotation.h */,
				CAB15861179B410700B522EE /* BMKAnnotationView.h */,
				CAB15862179B410700B522EE /* BMKCircle.h */,
				CAB15863179B410700B522EE /* BMKCircleView.h */,
				CAB15864179B410700B522EE /* BMKGeneralDelegate.h */,
				CAB15865179B410700B522EE /* BMKGeocodeType.h */,
				CAB15866179B410700B522EE /* BMKGeometry.h */,
				CAB15867179B410700B522EE /* BMKMapManager.h */,
				CAB15868179B410700B522EE /* BMKMapView.h */,
				CAB15869179B410700B522EE /* BMKMultiPoint.h */,
				CAB1586A179B410700B522EE /* BMKOfflineMap.h */,
				CAB1586B179B410700B522EE /* BMKOfflineMapType.h */,
				CAB1586C179B410700B522EE /* BMKOverlay.h */,
				CAB1586D179B410700B522EE /* BMKOverlayPathView.h */,
				CAB1586E179B410700B522EE /* BMKOverlayView.h */,
				CAB1586F179B410700B522EE /* BMKPinAnnotationView.h */,
				CAB15870179B410700B522EE /* BMKPointAnnotation.h */,
				CAB15871179B410700B522EE /* BMKPoiSearchType.h */,
				CAB15872179B410700B522EE /* BMKPolygon.h */,
				CAB15873179B410700B522EE /* BMKPolygonView.h */,
				CAB15874179B410700B522EE /* BMKPolyline.h */,
				CAB15875179B410700B522EE /* BMKPolylineView.h */,
				CAB15876179B410700B522EE /* BMKRouteSearchType.h */,
				CAB15877179B410700B522EE /* BMKSearch.h */,
				CAB15878179B410700B522EE /* BMKShape.h */,
				CAB15879179B410700B522EE /* BMKTypes.h */,
				CAB1587A179B410700B522EE /* BMKUserLocation.h */,
				CAB1587B179B410700B522EE /* BMKVersion.h */,
			);
			path = inc;
			sourceTree = "<group>";
		};
		CAB15880179B410700B522EE /* RoundAvatar */ = {
			isa = PBXGroup;
			children = (
				CAB15881179B410700B522EE /* CHAvatarView.h */,
				CAB15882179B410700B522EE /* CHAvatarView.m */,
				CAB15883179B410700B522EE /* CHDraggableView+Avatar.h */,
				CAB15884179B410700B522EE /* CHDraggableView+Avatar.m */,
				CAB15885179B410700B522EE /* CHDraggableView.h */,
				CAB15886179B410700B522EE /* CHDraggableView.m */,
				CAB15887179B410700B522EE /* CHDraggingCoordinator.h */,
				CAB15888179B410700B522EE /* CHDraggingCoordinator.m */,
			);
			path = RoundAvatar;
			sourceTree = "<group>";
		};
		CAB1588D179B410700B522EE /* UIView+Frame */ = {
			isa = PBXGroup;
			children = (
				CAB1588E179B410700B522EE /* UIView+Frame.h */,
				CAB1588F179B410700B522EE /* UIView+Frame.m */,
			);
			path = "UIView+Frame";
			sourceTree = "<group>";
		};
		CAB158BF179B456500B522EE /* Resources */ = {
			isa = PBXGroup;
			children = (
				B51FDDD4179BD081008FDDE9 /* home.png */,
				B51FDDD0179BC656008FDDE9 /* line.png */,
				B51FDDB1179BA7E5008FDDE9 /* sr_refresh.png */,
				B51FDDB2179BA7E5008FDDE9 /* sr_refresh@2X.png */,
				B51FDD86179BA6C8008FDDE9 /* HeadImg */,
				CAB158C0179B456F00B522EE /* images */,
			);
			name = Resources;
			sourceTree = "<group>";
		};
		CAB158C0179B456F00B522EE /* images */ = {
			isa = PBXGroup;
			children = (
				B51FDDBC179BC38E008FDDE9 /* Icon-72.png */,
				B51FDDBD179BC38E008FDDE9 /* Icon-72@2x.png */,
				B51FDDBE179BC38E008FDDE9 /* Icon-Small-50.png */,
				B51FDDBF179BC38E008FDDE9 /* Icon-Small-50@2x.png */,
				B51FDDC0179BC38E008FDDE9 /* Icon-Small.png */,
				B51FDDC1179BC38E008FDDE9 /* Icon-Small@2x.png */,
				B51FDDC2179BC38E008FDDE9 /* Icon.png */,
				B51FDDC3179BC38E008FDDE9 /* Icon@2x.png */,
				B51FDDC4179BC38E008FDDE9 /* iTunesArtwork.png */,
				B51FDDC5179BC38E008FDDE9 /* iTunesArtwork@2x.png */,
				CAB15900179B47F900B522EE /* LeftviewImage */,
				CAB158F5179B46D400B522EE /* markImage */,
				CAB158C1179B456F00B522EE /* ArrowRight.png */,
				CAB158C2179B456F00B522EE /* ArrowRight@2x.png */,
				CAB158C3179B456F00B522EE /* back.png */,
				CAB158C4179B456F00B522EE /* BackgroundTextures.png */,
				CAB158C5179B456F00B522EE /* BackgroundTextures@2x.png */,
				CAB158C8179B456F00B522EE /* cellbg.png */,
				CAB158C9179B456F00B522EE /* cellbg@2x.png */,
				CAB15904179B522800B522EE /* HeaderViewTopbg.png */,
				CAB15905179B522800B522EE /* HeaderViewTopbg@2x.png */,
				CAB158CA179B456F00B522EE /* Default-568h@2x.png */,
				CAB158CB179B456F00B522EE /* Default.png */,
				CAB158CC179B456F00B522EE /* Default@2x.png */,
				CAB158CE179B456F00B522EE /* headbg.png */,
				CAB158CF179B456F00B522EE /* headbg@2x.png */,
				CAB158D0179B456F00B522EE /* marker@2x.png */,
				CAB158D1179B456F00B522EE /* menu.png */,
				CAB158D2179B456F00B522EE /* menu1.png */,
				CAB158D3179B456F00B522EE /* menu2.png */,
				CAB158D4179B456F00B522EE /* NavigationBar.png */,
				CAB158D5179B456F00B522EE /* NavigationBar@2x.png */,
			);
			path = images;
			sourceTree = "<group>";
		};
		CAB158F5179B46D400B522EE /* markImage */ = {
			isa = PBXGroup;
			children = (
				CAB158F6179B470900B522EE /* markbadminton.png */,
				CAB158F7179B470900B522EE /* markbasketball.png */,
				CAB158F8179B470900B522EE /* markfootball.png */,
				CAB158F9179B470900B522EE /* markpingpang.png */,
				CAB158FA179B470900B522EE /* marktennisball.png */,
			);
			name = markImage;
			sourceTree = "<group>";
		};
		CAB15900179B47F900B522EE /* LeftviewImage */ = {
			isa = PBXGroup;
			children = (
				CAB15901179B4DF500B522EE /* tennis.png */,
				CAB158C6179B456F00B522EE /* badminton.png */,
				CAB158C7179B456F00B522EE /* basketball.png */,
				CAB158CD179B456F00B522EE /* football.png */,
				CAB158D7179B456F00B522EE /* pingpong.png */,
				CAB158D8179B456F00B522EE /* sendMsg.png */,
				CAB158DA179B456F00B522EE /* test.png */,
			);
			name = LeftviewImage;
			sourceTree = "<group>";
		};
/* End PBXGroup section */

/* Begin PBXNativeTarget section */
		B5C2F425179A6D990049B8A8 /* iSport */ = {
			isa = PBXNativeTarget;
			buildConfigurationList = B5C2F443179A6D990049B8A8 /* Build configuration list for PBXNativeTarget "iSport" */;
			buildPhases = (
				B5C2F422179A6D990049B8A8 /* Sources */,
				B5C2F423179A6D990049B8A8 /* Frameworks */,
				B5C2F424179A6D990049B8A8 /* Resources */,
			);
			buildRules = (
			);
			dependencies = (
			);
			name = iSport;
			productName = iSport;
			productReference = B5C2F426179A6D990049B8A8 /* iSport.app */;
			productType = "com.apple.product-type.application";
		};
/* End PBXNativeTarget section */

/* Begin PBXProject section */
		B5C2F41E179A6D990049B8A8 /* Project object */ = {
			isa = PBXProject;
			attributes = {
				LastUpgradeCheck = 0460;
				ORGANIZATIONNAME = qfpay;
			};
			buildConfigurationList = B5C2F421179A6D990049B8A8 /* Build configuration list for PBXProject "iSport" */;
			compatibilityVersion = "Xcode 3.2";
			developmentRegion = English;
			hasScannedForEncodings = 0;
			knownRegions = (
				en,
			);
			mainGroup = B5C2F41D179A6D990049B8A8;
			productRefGroup = B5C2F427179A6D990049B8A8 /* Products */;
			projectDirPath = "";
			projectRoot = "";
			targets = (
				B5C2F425179A6D990049B8A8 /* iSport */,
			);
		};
/* End PBXProject section */

/* Begin PBXResourcesBuildPhase section */
		B5C2F424179A6D990049B8A8 /* Resources */ = {
			isa = PBXResourcesBuildPhase;
			buildActionMask = 2147483647;
			files = (
				B51FDDBB179BB582008FDDE9 /* P2.jpg in Resources */,
				B5C2F434179A6D990049B8A8 /* InfoPlist.strings in Resources */,
				04E81A84179A8EA800FC6BA7 /* mapapi.bundle in Resources */,
				04E81A9B179AE2B600FC6BA7 /* SportPointCell.xib in Resources */,
				B51FDD42179B0E86008FDDE9 /* LeftTableViewCell.xib in Resources */,
				CAB158DB179B456F00B522EE /* ArrowRight.png in Resources */,
				CAB158DC179B456F00B522EE /* ArrowRight@2x.png in Resources */,
				CAB158DD179B456F00B522EE /* back.png in Resources */,
				CAB158DE179B456F00B522EE /* BackgroundTextures.png in Resources */,
				CAB158DF179B456F00B522EE /* BackgroundTextures@2x.png in Resources */,
				CAB158E0179B456F00B522EE /* badminton.png in Resources */,
				CAB158E1179B456F00B522EE /* basketball.png in Resources */,
				CAB158E2179B456F00B522EE /* cellbg.png in Resources */,
				CAB158E3179B456F00B522EE /* cellbg@2x.png in Resources */,
				CAB158E4179B456F00B522EE /* Default-568h@2x.png in Resources */,
				CAB158E5179B456F00B522EE /* Default.png in Resources */,
				CAB158E6179B456F00B522EE /* Default@2x.png in Resources */,
				CAB158E7179B456F00B522EE /* football.png in Resources */,
				CAB158E8179B456F00B522EE /* headbg.png in Resources */,
				CAB158E9179B456F00B522EE /* headbg@2x.png in Resources */,
				CAB158EA179B456F00B522EE /* marker@2x.png in Resources */,
				CAB158EB179B456F00B522EE /* menu.png in Resources */,
				CAB158EC179B456F00B522EE /* menu1.png in Resources */,
				CAB158ED179B456F00B522EE /* menu2.png in Resources */,
				CAB158EE179B456F00B522EE /* NavigationBar.png in Resources */,
				CAB158EF179B456F00B522EE /* NavigationBar@2x.png in Resources */,
				CAB158F1179B456F00B522EE /* pingpong.png in Resources */,
				CAB158F2179B456F00B522EE /* sendMsg.png in Resources */,
				CAB158F4179B456F00B522EE /* test.png in Resources */,
				CAB158FB179B470900B522EE /* markbadminton.png in Resources */,
				CAB158FC179B470900B522EE /* markbasketball.png in Resources */,
				CAB158FD179B470900B522EE /* markfootball.png in Resources */,
				CAB158FE179B470900B522EE /* markpingpang.png in Resources */,
				CAB158FF179B470900B522EE /* marktennisball.png in Resources */,
				CAB15902179B4DF500B522EE /* tennis.png in Resources */,
				CAB15906179B522800B522EE /* HeaderViewTopbg.png in Resources */,
				CAB15907179B522800B522EE /* HeaderViewTopbg@2x.png in Resources */,
				B51FDD85179BA68E008FDDE9 /* ModelTest.plist in Resources */,
				B51FDD97179BA6E5008FDDE9 /* P1.jpg in Resources */,
				B51FDD99179BA6E5008FDDE9 /* P3.jpg in Resources */,
				B51FDD9A179BA6E5008FDDE9 /* P4.jpg in Resources */,
				B51FDD9B179BA6E5008FDDE9 /* P5.jpg in Resources */,
				B51FDD9C179BA6E5008FDDE9 /* P6.jpg in Resources */,
				B51FDD9D179BA6E5008FDDE9 /* P7.jpg in Resources */,
				B51FDD9E179BA6E5008FDDE9 /* P8.jpg in Resources */,
				B51FDD9F179BA6E6008FDDE9 /* P9.jpg in Resources */,
				B51FDDA0179BA6E6008FDDE9 /* P10.jpg in Resources */,
				B51FDDA1179BA6E6008FDDE9 /* P11.jpg in Resources */,
				B51FDDA2179BA6E6008FDDE9 /* P12.jpg in Resources */,
				B51FDDA3179BA6E6008FDDE9 /* P13.jpg in Resources */,
				B51FDDA4179BA6E6008FDDE9 /* P14.jpg in Resources */,
				B51FDDA5179BA6E6008FDDE9 /* P15.jpg in Resources */,
				B51FDDA6179BA6E6008FDDE9 /* P16.jpg in Resources */,
				B51FDDB3179BA7E5008FDDE9 /* sr_refresh.png in Resources */,
				B51FDDB4179BA7E5008FDDE9 /* sr_refresh@2X.png in Resources */,
				B51FDDB9179BAB80008FDDE9 /* InputVC.xib in Resources */,
				B51FDDC6179BC38E008FDDE9 /* Icon-72.png in Resources */,
				B51FDDC7179BC38E008FDDE9 /* Icon-72@2x.png in Resources */,
				B51FDDC8179BC38E008FDDE9 /* Icon-Small-50.png in Resources */,
				B51FDDC9179BC38E008FDDE9 /* Icon-Small-50@2x.png in Resources */,
				B51FDDCA179BC38E008FDDE9 /* Icon-Small.png in Resources */,
				B51FDDCB179BC38E008FDDE9 /* Icon-Small@2x.png in Resources */,
				B51FDDCC179BC38E008FDDE9 /* Icon.png in Resources */,
				B51FDDCD179BC38E008FDDE9 /* Icon@2x.png in Resources */,
				B51FDDCE179BC38E008FDDE9 /* iTunesArtwork.png in Resources */,
				B51FDDCF179BC38E008FDDE9 /* iTunesArtwork@2x.png in Resources */,
				B51FDDD1179BC656008FDDE9 /* line.png in Resources */,
				B51FDDD3179BCAC1008FDDE9 /* set.png in Resources */,
				B51FDDD5179BD082008FDDE9 /* home.png in Resources */,
			);
			runOnlyForDeploymentPostprocessing = 0;
		};
/* End PBXResourcesBuildPhase section */

/* Begin PBXSourcesBuildPhase section */
		B5C2F422179A6D990049B8A8 /* Sources */ = {
			isa = PBXSourcesBuildPhase;
			buildActionMask = 2147483647;
			files = (
				04E81AA1179AE9E400FC6BA7 /* CustomPointAnnotation.m in Sources */,
				B5C2F436179A6D990049B8A8 /* main.m in Sources */,
				B5C2F43A179A6D990049B8A8 /* AppDelegate.m in Sources */,
				B50E6FC5179A88A900ABF9CA /* JASidePanelController.m in Sources */,
				B50E6FC6179A88A900ABF9CA /* UIViewController+JASidePanel.m in Sources */,
				B50E6FD0179A89E300ABF9CA /* CenterViewC.m in Sources */,
				B50E6FD3179A89EF00ABF9CA /* LeftViewC.m in Sources */,
				B50E6FD6179A89FF00ABF9CA /* RightViewC.mm in Sources */,
				B59C5E5B179ABC7100A952FD /* sportMessage.m in Sources */,
				B59C5E67179ABCA000A952FD /* OpenUDID.m in Sources */,
				04E81A93179ADFDC00FC6BA7 /* CalloutMapAnnotation.m in Sources */,
				04E81A96179AE09F00FC6BA7 /* CallOutAnnotationView.m in Sources */,
				04E81AA0179AE8E100FC6BA7 /* SportPointCell.m in Sources */,
				04E81AB4179B28F200FC6BA7 /* IZValueSelectorView.m in Sources */,
				CAB15890179B410700B522EE /* CenterViewCell.m in Sources */,
				CAB15891179B410700B522EE /* DetailViewController.m in Sources */,
				CAB15892179B410700B522EE /* ListTableView.m in Sources */,
				CAB15893179B410700B522EE /* MLNavigationController.m in Sources */,
				CAB15894179B410700B522EE /* CHAvatarView.m in Sources */,
				CAB15895179B410700B522EE /* CHDraggableView+Avatar.m in Sources */,
				CAB15896179B410700B522EE /* CHDraggableView.m in Sources */,
				CAB15897179B410700B522EE /* CHDraggingCoordinator.m in Sources */,
				CAB15898179B410700B522EE /* UINavigationBar+CustomNavBarColor.m in Sources */,
				CAB15899179B410700B522EE /* UIView+customBackground.m in Sources */,
				CAB1589A179B410700B522EE /* UIView+Frame.m in Sources */,
				CAB1590A179B530100B522EE /* DetailHeaderView.m in Sources */,
				CAB1590D179B571900B522EE /* TitleTypeCell.m in Sources */,
				CAB15910179B572B00B522EE /* TimeTypeCell.m in Sources */,
				CAB15913179B573900B522EE /* DetailTypeCell.m in Sources */,
				CAB15916179B574C00B522EE /* AvatarTypeCell.m in Sources */,
				B51FDD83179BA685008FDDE9 /* ListData.m in Sources */,
				B51FDDA9179BA7BA008FDDE9 /* EGORefreshTableHeaderView.m in Sources */,
				B51FDDAF179BA7D7008FDDE9 /* SRRefreshView.m in Sources */,
				B51FDDB0179BA7D7008FDDE9 /* SRSlimeView.m in Sources */,
				B51FDDB8179BAB80008FDDE9 /* InputVC.m in Sources */,
			);
			runOnlyForDeploymentPostprocessing = 0;
		};
/* End PBXSourcesBuildPhase section */

/* Begin PBXVariantGroup section */
		B5C2F432179A6D990049B8A8 /* InfoPlist.strings */ = {
			isa = PBXVariantGroup;
			children = (
				B5C2F433179A6D990049B8A8 /* en */,
			);
			name = InfoPlist.strings;
			sourceTree = "<group>";
		};
/* End PBXVariantGroup section */

/* Begin XCBuildConfiguration section */
		B5C2F441179A6D990049B8A8 /* Debug */ = {
			isa = XCBuildConfiguration;
			buildSettings = {
				ALWAYS_SEARCH_USER_PATHS = NO;
				CLANG_CXX_LANGUAGE_STANDARD = "gnu++0x";
				CLANG_CXX_LIBRARY = "libc++";
				CLANG_WARN_CONSTANT_CONVERSION = YES;
				CLANG_WARN_EMPTY_BODY = YES;
				CLANG_WARN_ENUM_CONVERSION = YES;
				CLANG_WARN_INT_CONVERSION = YES;
				CLANG_WARN__DUPLICATE_METHOD_MATCH = YES;
				"CODE_SIGN_IDENTITY[sdk=iphoneos*]" = "iPhone Developer";
				COPY_PHASE_STRIP = NO;
				GCC_C_LANGUAGE_STANDARD = gnu99;
				GCC_DYNAMIC_NO_PIC = NO;
				GCC_OPTIMIZATION_LEVEL = 0;
				GCC_PREPROCESSOR_DEFINITIONS = (
					"DEBUG=1",
					"$(inherited)",
				);
				GCC_SYMBOLS_PRIVATE_EXTERN = NO;
				GCC_WARN_ABOUT_RETURN_TYPE = YES;
				GCC_WARN_UNINITIALIZED_AUTOS = YES;
				GCC_WARN_UNUSED_VARIABLE = YES;
				IPHONEOS_DEPLOYMENT_TARGET = 6.1;
				ONLY_ACTIVE_ARCH = YES;
				SDKROOT = iphoneos;
			};
			name = Debug;
		};
		B5C2F442179A6D990049B8A8 /* Release */ = {
			isa = XCBuildConfiguration;
			buildSettings = {
				ALWAYS_SEARCH_USER_PATHS = NO;
				CLANG_CXX_LANGUAGE_STANDARD = "gnu++0x";
				CLANG_CXX_LIBRARY = "libc++";
				CLANG_WARN_CONSTANT_CONVERSION = YES;
				CLANG_WARN_EMPTY_BODY = YES;
				CLANG_WARN_ENUM_CONVERSION = YES;
				CLANG_WARN_INT_CONVERSION = YES;
				CLANG_WARN__DUPLICATE_METHOD_MATCH = YES;
				"CODE_SIGN_IDENTITY[sdk=iphoneos*]" = "iPhone Developer";
				COPY_PHASE_STRIP = YES;
				GCC_C_LANGUAGE_STANDARD = gnu99;
				GCC_WARN_ABOUT_RETURN_TYPE = YES;
				GCC_WARN_UNINITIALIZED_AUTOS = YES;
				GCC_WARN_UNUSED_VARIABLE = YES;
				IPHONEOS_DEPLOYMENT_TARGET = 6.1;
				OTHER_CFLAGS = "-DNS_BLOCK_ASSERTIONS=1";
				SDKROOT = iphoneos;
				VALIDATE_PRODUCT = YES;
			};
			name = Release;
		};
		B5C2F444179A6D990049B8A8 /* Debug */ = {
			isa = XCBuildConfiguration;
			buildSettings = {
				CODE_SIGN_IDENTITY = "iPhone Developer: Hang Li (B4WB78DCEG)";
				"CODE_SIGN_IDENTITY[sdk=iphoneos*]" = "iPhone Developer: Hang Li (B4WB78DCEG)";
				GCC_PRECOMPILE_PREFIX_HEADER = YES;
				GCC_PREFIX_HEADER = "iSport/iSport-Prefix.pch";
				INFOPLIST_FILE = "iSport/iSport-Info.plist";
				IPHONEOS_DEPLOYMENT_TARGET = 5.1;
				LIBRARY_SEARCH_PATHS = (
					"$(inherited)",
					"\"$(SRCROOT)/iSport\"",
				);
				PRODUCT_NAME = "$(TARGET_NAME)";
				PROVISIONING_PROFILE = "72E76468-5FD0-4859-A66A-3C404D67FEEE";
				"PROVISIONING_PROFILE[sdk=iphoneos*]" = "72E76468-5FD0-4859-A66A-3C404D67FEEE";
				WRAPPER_EXTENSION = app;
			};
			name = Debug;
		};
		B5C2F445179A6D990049B8A8 /* Release */ = {
			isa = XCBuildConfiguration;
			buildSettings = {
				CODE_SIGN_IDENTITY = "iPhone Distribution: Beijing Qfpay Technology Company Limited";
				"CODE_SIGN_IDENTITY[sdk=iphoneos*]" = "iPhone Distribution: Beijing Qfpay Technology Company Limited";
				GCC_PRECOMPILE_PREFIX_HEADER = YES;
				GCC_PREFIX_HEADER = "iSport/iSport-Prefix.pch";
				INFOPLIST_FILE = "iSport/iSport-Info.plist";
				IPHONEOS_DEPLOYMENT_TARGET = 5.1;
				LIBRARY_SEARCH_PATHS = (
					"$(inherited)",
					"\"$(SRCROOT)/iSport\"",
				);
				PRODUCT_NAME = "$(TARGET_NAME)";
				PROVISIONING_PROFILE = "1BBE32CA-46A2-4606-99A2-C975A9696F64";
				"PROVISIONING_PROFILE[sdk=iphoneos*]" = "1BBE32CA-46A2-4606-99A2-C975A9696F64";
				WRAPPER_EXTENSION = app;
			};
			name = Release;
		};
/* End XCBuildConfiguration section */

/* Begin XCConfigurationList section */
		B5C2F421179A6D990049B8A8 /* Build configuration list for PBXProject "iSport" */ = {
			isa = XCConfigurationList;
			buildConfigurations = (
				B5C2F441179A6D990049B8A8 /* Debug */,
				B5C2F442179A6D990049B8A8 /* Release */,
			);
			defaultConfigurationIsVisible = 0;
			defaultConfigurationName = Release;
		};
		B5C2F443179A6D990049B8A8 /* Build configuration list for PBXNativeTarget "iSport" */ = {
			isa = XCConfigurationList;
			buildConfigurations = (
				B5C2F444179A6D990049B8A8 /* Debug */,
				B5C2F445179A6D990049B8A8 /* Release */,
			);
			defaultConfigurationIsVisible = 0;
			defaultConfigurationName = Release;
		};
/* End XCConfigurationList section */
	};
	rootObject = B5C2F41E179A6D990049B8A8 /* Project object */;
}
