// !$*UTF8*$!
{
	archiveVersion = 1;
	classes = {
	};
	objectVersion = 46;
	objects = {

/* Begin PBXBuildFile section */
		B50E6FC5179A88A900ABF9CA /* JASidePanelController.m in Sources */ = {isa = PBXBuildFile; fileRef = B50E6FC2179A88A900ABF9CA /* JASidePanelController.m */; settings = {COMPILER_FLAGS = " -fobjc-arc"; }; };
		B50E6FC6179A88A900ABF9CA /* UIViewController+JASidePanel.m in Sources */ = {isa = PBXBuildFile; fileRef = B50E6FC4179A88A900ABF9CA /* UIViewController+JASidePanel.m */; };
		B50E6FD0179A89E300ABF9CA /* CenterViewC.m in Sources */ = {isa = PBXBuildFile; fileRef = B50E6FCF179A89E300ABF9CA /* CenterViewC.m */; };
		B50E6FD3179A89EF00ABF9CA /* LeftViewC.m in Sources */ = {isa = PBXBuildFile; fileRef = B50E6FD2179A89EF00ABF9CA /* LeftViewC.m */; };
		B50E6FD6179A89FF00ABF9CA /* RightViewC.m in Sources */ = {isa = PBXBuildFile; fileRef = B50E6FD5179A89FE00ABF9CA /* RightViewC.m */; };
		B50E6FD8179A919C00ABF9CA /* QuartzCore.framework in Frameworks */ = {isa = PBXBuildFile; fileRef = B50E6FD7179A919C00ABF9CA /* QuartzCore.framework */; };
		B50E6FDB179A9DD400ABF9CA /* sportMessage.m in Sources */ = {isa = PBXBuildFile; fileRef = B50E6FDA179A9DD300ABF9CA /* sportMessage.m */; };
		B50E6FE0179AA16600ABF9CA /* OpenUDID.m in Sources */ = {isa = PBXBuildFile; fileRef = B50E6FDF179AA16600ABF9CA /* OpenUDID.m */; };
		B50E6FE6179AA1F100ABF9CA /* MsgCell.m in Sources */ = {isa = PBXBuildFile; fileRef = B50E6FE5179AA1F100ABF9CA /* MsgCell.m */; };
		B50E6FE8179AA1FE00ABF9CA /* MsgCell.xib in Resources */ = {isa = PBXBuildFile; fileRef = B50E6FE7179AA1FE00ABF9CA /* MsgCell.xib */; };
		B50E6FED179AA91100ABF9CA /* cell.png in Resources */ = {isa = PBXBuildFile; fileRef = B50E6FEB179AA91100ABF9CA /* cell.png */; };
		B50E6FEE179AA91100ABF9CA /* cell@2x.png in Resources */ = {isa = PBXBuildFile; fileRef = B50E6FEC179AA91100ABF9CA /* cell@2x.png */; };
		B5C2F42A179A6D990049B8A8 /* UIKit.framework in Frameworks */ = {isa = PBXBuildFile; fileRef = B5C2F429179A6D990049B8A8 /* UIKit.framework */; };
		B5C2F42C179A6D990049B8A8 /* Foundation.framework in Frameworks */ = {isa = PBXBuildFile; fileRef = B5C2F42B179A6D990049B8A8 /* Foundation.framework */; };
		B5C2F42E179A6D990049B8A8 /* CoreGraphics.framework in Frameworks */ = {isa = PBXBuildFile; fileRef = B5C2F42D179A6D990049B8A8 /* CoreGraphics.framework */; };
		B5C2F434179A6D990049B8A8 /* InfoPlist.strings in Resources */ = {isa = PBXBuildFile; fileRef = B5C2F432179A6D990049B8A8 /* InfoPlist.strings */; };
		B5C2F436179A6D990049B8A8 /* main.m in Sources */ = {isa = PBXBuildFile; fileRef = B5C2F435179A6D990049B8A8 /* main.m */; };
		B5C2F43A179A6D990049B8A8 /* AppDelegate.m in Sources */ = {isa = PBXBuildFile; fileRef = B5C2F439179A6D990049B8A8 /* AppDelegate.m */; };
		B5C2F43C179A6D990049B8A8 /* Default.png in Resources */ = {isa = PBXBuildFile; fileRef = B5C2F43B179A6D990049B8A8 /* Default.png */; };
		B5C2F43E179A6D990049B8A8 /* Default@2x.png in Resources */ = {isa = PBXBuildFile; fileRef = B5C2F43D179A6D990049B8A8 /* Default@2x.png */; };
		B5C2F440179A6D990049B8A8 /* Default-568h@2x.png in Resources */ = {isa = PBXBuildFile; fileRef = B5C2F43F179A6D990049B8A8 /* Default-568h@2x.png */; };
/* End PBXBuildFile section */

/* Begin PBXFileReference section */
		B50E6FC1179A88A900ABF9CA /* JASidePanelController.h */ = {isa = PBXFileReference; fileEncoding = 4; lastKnownFileType = sourcecode.c.h; path = JASidePanelController.h; sourceTree = "<group>"; };
		B50E6FC2179A88A900ABF9CA /* JASidePanelController.m */ = {isa = PBXFileReference; fileEncoding = 4; lastKnownFileType = sourcecode.c.objc; path = JASidePanelController.m; sourceTree = "<group>"; };
		B50E6FC3179A88A900ABF9CA /* UIViewController+JASidePanel.h */ = {isa = PBXFileReference; fileEncoding = 4; lastKnownFileType = sourcecode.c.h; path = "UIViewController+JASidePanel.h"; sourceTree = "<group>"; };
		B50E6FC4179A88A900ABF9CA /* UIViewController+JASidePanel.m */ = {isa = PBXFileReference; fileEncoding = 4; lastKnownFileType = sourcecode.c.objc; path = "UIViewController+JASidePanel.m"; sourceTree = "<group>"; };
		B50E6FCE179A89E300ABF9CA /* CenterViewC.h */ = {isa = PBXFileReference; fileEncoding = 4; lastKnownFileType = sourcecode.c.h; path = CenterViewC.h; sourceTree = "<group>"; };
		B50E6FCF179A89E300ABF9CA /* CenterViewC.m */ = {isa = PBXFileReference; fileEncoding = 4; lastKnownFileType = sourcecode.c.objc; path = CenterViewC.m; sourceTree = "<group>"; };
		B50E6FD1179A89EF00ABF9CA /* LeftViewC.h */ = {isa = PBXFileReference; fileEncoding = 4; lastKnownFileType = sourcecode.c.h; path = LeftViewC.h; sourceTree = "<group>"; };
		B50E6FD2179A89EF00ABF9CA /* LeftViewC.m */ = {isa = PBXFileReference; fileEncoding = 4; lastKnownFileType = sourcecode.c.objc; path = LeftViewC.m; sourceTree = "<group>"; };
		B50E6FD4179A89FE00ABF9CA /* RightViewC.h */ = {isa = PBXFileReference; fileEncoding = 4; lastKnownFileType = sourcecode.c.h; path = RightViewC.h; sourceTree = "<group>"; };
		B50E6FD5179A89FE00ABF9CA /* RightViewC.m */ = {isa = PBXFileReference; fileEncoding = 4; lastKnownFileType = sourcecode.c.objc; path = RightViewC.m; sourceTree = "<group>"; };
		B50E6FD7179A919C00ABF9CA /* QuartzCore.framework */ = {isa = PBXFileReference; lastKnownFileType = wrapper.framework; name = QuartzCore.framework; path = System/Library/Frameworks/QuartzCore.framework; sourceTree = SDKROOT; };
		B50E6FD9179A9DD300ABF9CA /* sportMessage.h */ = {isa = PBXFileReference; fileEncoding = 4; lastKnownFileType = sourcecode.c.h; path = sportMessage.h; sourceTree = "<group>"; };
		B50E6FDA179A9DD300ABF9CA /* sportMessage.m */ = {isa = PBXFileReference; fileEncoding = 4; lastKnownFileType = sourcecode.c.objc; path = sportMessage.m; sourceTree = "<group>"; };
		B50E6FDE179AA16600ABF9CA /* OpenUDID.h */ = {isa = PBXFileReference; fileEncoding = 4; lastKnownFileType = sourcecode.c.h; path = OpenUDID.h; sourceTree = "<group>"; };
		B50E6FDF179AA16600ABF9CA /* OpenUDID.m */ = {isa = PBXFileReference; fileEncoding = 4; lastKnownFileType = sourcecode.c.objc; path = OpenUDID.m; sourceTree = "<group>"; };
		B50E6FE4179AA1F100ABF9CA /* MsgCell.h */ = {isa = PBXFileReference; fileEncoding = 4; lastKnownFileType = sourcecode.c.h; path = MsgCell.h; sourceTree = "<group>"; };
		B50E6FE5179AA1F100ABF9CA /* MsgCell.m */ = {isa = PBXFileReference; fileEncoding = 4; lastKnownFileType = sourcecode.c.objc; path = MsgCell.m; sourceTree = "<group>"; };
		B50E6FE7179AA1FE00ABF9CA /* MsgCell.xib */ = {isa = PBXFileReference; fileEncoding = 4; lastKnownFileType = file.xib; path = MsgCell.xib; sourceTree = "<group>"; };
		B50E6FEB179AA91100ABF9CA /* cell.png */ = {isa = PBXFileReference; lastKnownFileType = image.png; path = cell.png; sourceTree = "<group>"; };
		B50E6FEC179AA91100ABF9CA /* cell@2x.png */ = {isa = PBXFileReference; lastKnownFileType = image.png; path = "cell@2x.png"; sourceTree = "<group>"; };
		B5C2F426179A6D990049B8A8 /* iSport.app */ = {isa = PBXFileReference; explicitFileType = wrapper.application; includeInIndex = 0; path = iSport.app; sourceTree = BUILT_PRODUCTS_DIR; };
		B5C2F429179A6D990049B8A8 /* UIKit.framework */ = {isa = PBXFileReference; lastKnownFileType = wrapper.framework; name = UIKit.framework; path = System/Library/Frameworks/UIKit.framework; sourceTree = SDKROOT; };
		B5C2F42B179A6D990049B8A8 /* Foundation.framework */ = {isa = PBXFileReference; lastKnownFileType = wrapper.framework; name = Foundation.framework; path = System/Library/Frameworks/Foundation.framework; sourceTree = SDKROOT; };
		B5C2F42D179A6D990049B8A8 /* CoreGraphics.framework */ = {isa = PBXFileReference; lastKnownFileType = wrapper.framework; name = CoreGraphics.framework; path = System/Library/Frameworks/CoreGraphics.framework; sourceTree = SDKROOT; };
		B5C2F431179A6D990049B8A8 /* iSport-Info.plist */ = {isa = PBXFileReference; lastKnownFileType = text.plist.xml; path = "iSport-Info.plist"; sourceTree = "<group>"; };
		B5C2F433179A6D990049B8A8 /* en */ = {isa = PBXFileReference; lastKnownFileType = text.plist.strings; name = en; path = en.lproj/InfoPlist.strings; sourceTree = "<group>"; };
		B5C2F435179A6D990049B8A8 /* main.m */ = {isa = PBXFileReference; lastKnownFileType = sourcecode.c.objc; path = main.m; sourceTree = "<group>"; };
		B5C2F437179A6D990049B8A8 /* iSport-Prefix.pch */ = {isa = PBXFileReference; lastKnownFileType = sourcecode.c.h; path = "iSport-Prefix.pch"; sourceTree = "<group>"; };
		B5C2F438179A6D990049B8A8 /* AppDelegate.h */ = {isa = PBXFileReference; lastKnownFileType = sourcecode.c.h; path = AppDelegate.h; sourceTree = "<group>"; };
		B5C2F439179A6D990049B8A8 /* AppDelegate.m */ = {isa = PBXFileReference; lastKnownFileType = sourcecode.c.objc; path = AppDelegate.m; sourceTree = "<group>"; };
		B5C2F43B179A6D990049B8A8 /* Default.png */ = {isa = PBXFileReference; lastKnownFileType = image.png; path = Default.png; sourceTree = "<group>"; };
		B5C2F43D179A6D990049B8A8 /* Default@2x.png */ = {isa = PBXFileReference; lastKnownFileType = image.png; path = "Default@2x.png"; sourceTree = "<group>"; };
		B5C2F43F179A6D990049B8A8 /* Default-568h@2x.png */ = {isa = PBXFileReference; lastKnownFileType = image.png; path = "Default-568h@2x.png"; sourceTree = "<group>"; };
/* End PBXFileReference section */

/* Begin PBXFrameworksBuildPhase section */
		B5C2F423179A6D990049B8A8 /* Frameworks */ = {
			isa = PBXFrameworksBuildPhase;
			buildActionMask = 2147483647;
			files = (
				B5C2F42E179A6D990049B8A8 /* CoreGraphics.framework in Frameworks */,
				B50E6FD8179A919C00ABF9CA /* QuartzCore.framework in Frameworks */,
				B5C2F42A179A6D990049B8A8 /* UIKit.framework in Frameworks */,
				B5C2F42C179A6D990049B8A8 /* Foundation.framework in Frameworks */,
			);
			runOnlyForDeploymentPostprocessing = 0;
		};
/* End PBXFrameworksBuildPhase section */

/* Begin PBXGroup section */
		B50E6FC7179A88C200ABF9CA /* JASidePanel */ = {
			isa = PBXGroup;
			children = (
				B50E6FC1179A88A900ABF9CA /* JASidePanelController.h */,
				B50E6FC2179A88A900ABF9CA /* JASidePanelController.m */,
				B50E6FC3179A88A900ABF9CA /* UIViewController+JASidePanel.h */,
				B50E6FC4179A88A900ABF9CA /* UIViewController+JASidePanel.m */,
			);
			name = JASidePanel;
			sourceTree = "<group>";
		};
		B50E6FDC179AA12600ABF9CA /* Model */ = {
			isa = PBXGroup;
			children = (
				B50E6FD9179A9DD300ABF9CA /* sportMessage.h */,
				B50E6FDA179A9DD300ABF9CA /* sportMessage.m */,
			);
			name = Model;
			sourceTree = "<group>";
		};
		B50E6FDD179AA13800ABF9CA /* Utility */ = {
			isa = PBXGroup;
			children = (
				B50E6FDE179AA16600ABF9CA /* OpenUDID.h */,
				B50E6FDF179AA16600ABF9CA /* OpenUDID.m */,
			);
			name = Utility;
			sourceTree = "<group>";
		};
		B5C2F41D179A6D990049B8A8 = {
			isa = PBXGroup;
			children = (
				B5C2F42F179A6D990049B8A8 /* iSport */,
				B5C2F428179A6D990049B8A8 /* Frameworks */,
				B5C2F427179A6D990049B8A8 /* Products */,
			);
			sourceTree = "<group>";
		};
		B5C2F427179A6D990049B8A8 /* Products */ = {
			isa = PBXGroup;
			children = (
				B5C2F426179A6D990049B8A8 /* iSport.app */,
			);
			name = Products;
			sourceTree = "<group>";
		};
		B5C2F428179A6D990049B8A8 /* Frameworks */ = {
			isa = PBXGroup;
			children = (
				B50E6FD7179A919C00ABF9CA /* QuartzCore.framework */,
				B5C2F429179A6D990049B8A8 /* UIKit.framework */,
				B5C2F42B179A6D990049B8A8 /* Foundation.framework */,
				B5C2F42D179A6D990049B8A8 /* CoreGraphics.framework */,
			);
			name = Frameworks;
			sourceTree = "<group>";
		};
		B5C2F42F179A6D990049B8A8 /* iSport */ = {
			isa = PBXGroup;
			children = (
				B5C2F438179A6D990049B8A8 /* AppDelegate.h */,
				B5C2F439179A6D990049B8A8 /* AppDelegate.m */,
				B50E6FCE179A89E300ABF9CA /* CenterViewC.h */,
				B50E6FCF179A89E300ABF9CA /* CenterViewC.m */,
				B50E6FD1179A89EF00ABF9CA /* LeftViewC.h */,
				B50E6FD2179A89EF00ABF9CA /* LeftViewC.m */,
				B50E6FD4179A89FE00ABF9CA /* RightViewC.h */,
				B50E6FD5179A89FE00ABF9CA /* RightViewC.m */,
				B50E6FE4179AA1F100ABF9CA /* MsgCell.h */,
				B50E6FE5179AA1F100ABF9CA /* MsgCell.m */,
				B50E6FE7179AA1FE00ABF9CA /* MsgCell.xib */,
				B50E6FDC179AA12600ABF9CA /* Model */,
				B50E6FDD179AA13800ABF9CA /* Utility */,
				B50E6FC7179A88C200ABF9CA /* JASidePanel */,
				B5C2F430179A6D990049B8A8 /* Supporting Files */,
			);
			path = iSport;
			sourceTree = "<group>";
		};
		B5C2F430179A6D990049B8A8 /* Supporting Files */ = {
			isa = PBXGroup;
			children = (
				B50E6FEB179AA91100ABF9CA /* cell.png */,
				B50E6FEC179AA91100ABF9CA /* cell@2x.png */,
				B5C2F431179A6D990049B8A8 /* iSport-Info.plist */,
				B5C2F432179A6D990049B8A8 /* InfoPlist.strings */,
				B5C2F435179A6D990049B8A8 /* main.m */,
				B5C2F437179A6D990049B8A8 /* iSport-Prefix.pch */,
				B5C2F43B179A6D990049B8A8 /* Default.png */,
				B5C2F43D179A6D990049B8A8 /* Default@2x.png */,
				B5C2F43F179A6D990049B8A8 /* Default-568h@2x.png */,
			);
			name = "Supporting Files";
			sourceTree = "<group>";
		};
/* End PBXGroup section */

/* Begin PBXNativeTarget section */
		B5C2F425179A6D990049B8A8 /* iSport */ = {
			isa = PBXNativeTarget;
			buildConfigurationList = B5C2F443179A6D990049B8A8 /* Build configuration list for PBXNativeTarget "iSport" */;
			buildPhases = (
				B5C2F422179A6D990049B8A8 /* Sources */,
				B5C2F423179A6D990049B8A8 /* Frameworks */,
				B5C2F424179A6D990049B8A8 /* Resources */,
			);
			buildRules = (
			);
			dependencies = (
			);
			name = iSport;
			productName = iSport;
			productReference = B5C2F426179A6D990049B8A8 /* iSport.app */;
			productType = "com.apple.product-type.application";
		};
/* End PBXNativeTarget section */

/* Begin PBXProject section */
		B5C2F41E179A6D990049B8A8 /* Project object */ = {
			isa = PBXProject;
			attributes = {
				LastUpgradeCheck = 0460;
				ORGANIZATIONNAME = qfpay;
			};
			buildConfigurationList = B5C2F421179A6D990049B8A8 /* Build configuration list for PBXProject "iSport" */;
			compatibilityVersion = "Xcode 3.2";
			developmentRegion = English;
			hasScannedForEncodings = 0;
			knownRegions = (
				en,
			);
			mainGroup = B5C2F41D179A6D990049B8A8;
			productRefGroup = B5C2F427179A6D990049B8A8 /* Products */;
			projectDirPath = "";
			projectRoot = "";
			targets = (
				B5C2F425179A6D990049B8A8 /* iSport */,
			);
		};
/* End PBXProject section */

/* Begin PBXResourcesBuildPhase section */
		B5C2F424179A6D990049B8A8 /* Resources */ = {
			isa = PBXResourcesBuildPhase;
			buildActionMask = 2147483647;
			files = (
				B5C2F434179A6D990049B8A8 /* InfoPlist.strings in Resources */,
				B5C2F43C179A6D990049B8A8 /* Default.png in Resources */,
				B5C2F43E179A6D990049B8A8 /* Default@2x.png in Resources */,
				B5C2F440179A6D990049B8A8 /* Default-568h@2x.png in Resources */,
				B50E6FE8179AA1FE00ABF9CA /* MsgCell.xib in Resources */,
				B50E6FED179AA91100ABF9CA /* cell.png in Resources */,
				B50E6FEE179AA91100ABF9CA /* cell@2x.png in Resources */,
			);
			runOnlyForDeploymentPostprocessing = 0;
		};
/* End PBXResourcesBuildPhase section */

/* Begin PBXSourcesBuildPhase section */
		B5C2F422179A6D990049B8A8 /* Sources */ = {
			isa = PBXSourcesBuildPhase;
			buildActionMask = 2147483647;
			files = (
				B5C2F436179A6D990049B8A8 /* main.m in Sources */,
				B5C2F43A179A6D990049B8A8 /* AppDelegate.m in Sources */,
				B50E6FC5179A88A900ABF9CA /* JASidePanelController.m in Sources */,
				B50E6FC6179A88A900ABF9CA /* UIViewController+JASidePanel.m in Sources */,
				B50E6FD0179A89E300ABF9CA /* CenterViewC.m in Sources */,
				B50E6FD3179A89EF00ABF9CA /* LeftViewC.m in Sources */,
				B50E6FD6179A89FF00ABF9CA /* RightViewC.m in Sources */,
				B50E6FDB179A9DD400ABF9CA /* sportMessage.m in Sources */,
				B50E6FE0179AA16600ABF9CA /* OpenUDID.m in Sources */,
				B50E6FE6179AA1F100ABF9CA /* MsgCell.m in Sources */,
			);
			runOnlyForDeploymentPostprocessing = 0;
		};
/* End PBXSourcesBuildPhase section */

/* Begin PBXVariantGroup section */
		B5C2F432179A6D990049B8A8 /* InfoPlist.strings */ = {
			isa = PBXVariantGroup;
			children = (
				B5C2F433179A6D990049B8A8 /* en */,
			);
			name = InfoPlist.strings;
			sourceTree = "<group>";
		};
/* End PBXVariantGroup section */

/* Begin XCBuildConfiguration section */
		B5C2F441179A6D990049B8A8 /* Debug */ = {
			isa = XCBuildConfiguration;
			buildSettings = {
				ALWAYS_SEARCH_USER_PATHS = NO;
				CLANG_CXX_LANGUAGE_STANDARD = "gnu++0x";
				CLANG_CXX_LIBRARY = "libc++";
				CLANG_WARN_CONSTANT_CONVERSION = YES;
				CLANG_WARN_EMPTY_BODY = YES;
				CLANG_WARN_ENUM_CONVERSION = YES;
				CLANG_WARN_INT_CONVERSION = YES;
				CLANG_WARN__DUPLICATE_METHOD_MATCH = YES;
				"CODE_SIGN_IDENTITY[sdk=iphoneos*]" = "iPhone Developer";
				COPY_PHASE_STRIP = NO;
				GCC_C_LANGUAGE_STANDARD = gnu99;
				GCC_DYNAMIC_NO_PIC = NO;
				GCC_OPTIMIZATION_LEVEL = 0;
				GCC_PREPROCESSOR_DEFINITIONS = (
					"DEBUG=1",
					"$(inherited)",
				);
				GCC_SYMBOLS_PRIVATE_EXTERN = NO;
				GCC_WARN_ABOUT_RETURN_TYPE = YES;
				GCC_WARN_UNINITIALIZED_AUTOS = YES;
				GCC_WARN_UNUSED_VARIABLE = YES;
				IPHONEOS_DEPLOYMENT_TARGET = 6.1;
				ONLY_ACTIVE_ARCH = YES;
				SDKROOT = iphoneos;
			};
			name = Debug;
		};
		B5C2F442179A6D990049B8A8 /* Release */ = {
			isa = XCBuildConfiguration;
			buildSettings = {
				ALWAYS_SEARCH_USER_PATHS = NO;
				CLANG_CXX_LANGUAGE_STANDARD = "gnu++0x";
				CLANG_CXX_LIBRARY = "libc++";
				CLANG_WARN_CONSTANT_CONVERSION = YES;
				CLANG_WARN_EMPTY_BODY = YES;
				CLANG_WARN_ENUM_CONVERSION = YES;
				CLANG_WARN_INT_CONVERSION = YES;
				CLANG_WARN__DUPLICATE_METHOD_MATCH = YES;
				"CODE_SIGN_IDENTITY[sdk=iphoneos*]" = "iPhone Developer";
				COPY_PHASE_STRIP = YES;
				GCC_C_LANGUAGE_STANDARD = gnu99;
				GCC_WARN_ABOUT_RETURN_TYPE = YES;
				GCC_WARN_UNINITIALIZED_AUTOS = YES;
				GCC_WARN_UNUSED_VARIABLE = YES;
				IPHONEOS_DEPLOYMENT_TARGET = 6.1;
				OTHER_CFLAGS = "-DNS_BLOCK_ASSERTIONS=1";
				SDKROOT = iphoneos;
				VALIDATE_PRODUCT = YES;
			};
			name = Release;
		};
		B5C2F444179A6D990049B8A8 /* Debug */ = {
			isa = XCBuildConfiguration;
			buildSettings = {
				GCC_PRECOMPILE_PREFIX_HEADER = YES;
				GCC_PREFIX_HEADER = "iSport/iSport-Prefix.pch";
				INFOPLIST_FILE = "iSport/iSport-Info.plist";
				IPHONEOS_DEPLOYMENT_TARGET = 5.1;
				PRODUCT_NAME = "$(TARGET_NAME)";
				WRAPPER_EXTENSION = app;
			};
			name = Debug;
		};
		B5C2F445179A6D990049B8A8 /* Release */ = {
			isa = XCBuildConfiguration;
			buildSettings = {
				GCC_PRECOMPILE_PREFIX_HEADER = YES;
				GCC_PREFIX_HEADER = "iSport/iSport-Prefix.pch";
				INFOPLIST_FILE = "iSport/iSport-Info.plist";
				IPHONEOS_DEPLOYMENT_TARGET = 5.1;
				PRODUCT_NAME = "$(TARGET_NAME)";
				WRAPPER_EXTENSION = app;
			};
			name = Release;
		};
/* End XCBuildConfiguration section */

/* Begin XCConfigurationList section */
		B5C2F421179A6D990049B8A8 /* Build configuration list for PBXProject "iSport" */ = {
			isa = XCConfigurationList;
			buildConfigurations = (
				B5C2F441179A6D990049B8A8 /* Debug */,
				B5C2F442179A6D990049B8A8 /* Release */,
			);
			defaultConfigurationIsVisible = 0;
			defaultConfigurationName = Release;
		};
		B5C2F443179A6D990049B8A8 /* Build configuration list for PBXNativeTarget "iSport" */ = {
			isa = XCConfigurationList;
			buildConfigurations = (
				B5C2F444179A6D990049B8A8 /* Debug */,
				B5C2F445179A6D990049B8A8 /* Release */,
			);
			defaultConfigurationIsVisible = 0;
			defaultConfigurationName = Release;
		};
/* End XCConfigurationList section */
	};
	rootObject = B5C2F41E179A6D990049B8A8 /* Project object */;
}
