// !$*UTF8*$!
{
	archiveVersion = 1;
	classes = {
	};
	objectVersion = 46;
	objects = {

/* Begin PBXBuildFile section */
		04E81A84179A8EA800FC6BA7 /* mapapi.bundle in Resources */ = {isa = PBXBuildFile; fileRef = 04E81A83179A8EA800FC6BA7 /* mapapi.bundle */; };
		04E81A88179A913C00FC6BA7 /* QuartzCore.framework in Frameworks */ = {isa = PBXBuildFile; fileRef = 04E81A87179A913C00FC6BA7 /* QuartzCore.framework */; };
		04E81A8A179A91E100FC6BA7 /* CoreLocation.framework in Frameworks */ = {isa = PBXBuildFile; fileRef = 04E81A89179A91E100FC6BA7 /* CoreLocation.framework */; };
		04E81A8C179A91E900FC6BA7 /* SystemConfiguration.framework in Frameworks */ = {isa = PBXBuildFile; fileRef = 04E81A8B179A91E900FC6BA7 /* SystemConfiguration.framework */; };
		04E81A8E179A920400FC6BA7 /* OpenGLES.framework in Frameworks */ = {isa = PBXBuildFile; fileRef = 04E81A8D179A920400FC6BA7 /* OpenGLES.framework */; };
		04E81A90179AA11700FC6BA7 /* libbaidumapapi.a in Frameworks */ = {isa = PBXBuildFile; fileRef = 04E81A8F179AA11700FC6BA7 /* libbaidumapapi.a */; };
		04E81A93179ADFDC00FC6BA7 /* CalloutMapAnnotation.m in Sources */ = {isa = PBXBuildFile; fileRef = 04E81A92179ADFDB00FC6BA7 /* CalloutMapAnnotation.m */; };
		04E81A96179AE09F00FC6BA7 /* CallOutAnnotationView.m in Sources */ = {isa = PBXBuildFile; fileRef = 04E81A95179AE09E00FC6BA7 /* CallOutAnnotationView.m */; };
		04E81A9B179AE2B600FC6BA7 /* SportPointCell.xib in Resources */ = {isa = PBXBuildFile; fileRef = 04E81A9A179AE2B500FC6BA7 /* SportPointCell.xib */; };
		04E81AA0179AE8E100FC6BA7 /* SportPointCell.m in Sources */ = {isa = PBXBuildFile; fileRef = 04E81A9F179AE8E000FC6BA7 /* SportPointCell.m */; };
		04E81AA1179AE9E400FC6BA7 /* CustomPointAnnotation.m in Sources */ = {isa = PBXBuildFile; fileRef = 04E81A9D179AE75E00FC6BA7 /* CustomPointAnnotation.m */; };
		04E81AA3179AFB0100FC6BA7 /* marker@2x.png in Resources */ = {isa = PBXBuildFile; fileRef = 04E81AA2179AFB0100FC6BA7 /* marker@2x.png */; };
		B50E6FC5179A88A900ABF9CA /* JASidePanelController.m in Sources */ = {isa = PBXBuildFile; fileRef = B50E6FC2179A88A900ABF9CA /* JASidePanelController.m */; settings = {COMPILER_FLAGS = "-fobjc-arc"; }; };
		B50E6FC6179A88A900ABF9CA /* UIViewController+JASidePanel.m in Sources */ = {isa = PBXBuildFile; fileRef = B50E6FC4179A88A900ABF9CA /* UIViewController+JASidePanel.m */; };
		B50E6FD0179A89E300ABF9CA /* CenterViewC.m in Sources */ = {isa = PBXBuildFile; fileRef = B50E6FCF179A89E300ABF9CA /* CenterViewC.m */; };
		B50E6FD3179A89EF00ABF9CA /* LeftViewC.m in Sources */ = {isa = PBXBuildFile; fileRef = B50E6FD2179A89EF00ABF9CA /* LeftViewC.m */; };
		B50E6FD6179A89FF00ABF9CA /* RightViewC.mm in Sources */ = {isa = PBXBuildFile; fileRef = B50E6FD5179A89FE00ABF9CA /* RightViewC.mm */; };
		B59C5E5B179ABC7100A952FD /* sportMessage.m in Sources */ = {isa = PBXBuildFile; fileRef = B59C5E5A179ABC7100A952FD /* sportMessage.m */; };
		B59C5E61179ABC7E00A952FD /* cell.png in Resources */ = {isa = PBXBuildFile; fileRef = B59C5E5C179ABC7E00A952FD /* cell.png */; };
		B59C5E62179ABC7E00A952FD /* cell@2x.png in Resources */ = {isa = PBXBuildFile; fileRef = B59C5E5D179ABC7E00A952FD /* cell@2x.png */; };
		B59C5E63179ABC7E00A952FD /* MsgCell.xib in Resources */ = {isa = PBXBuildFile; fileRef = B59C5E5E179ABC7E00A952FD /* MsgCell.xib */; };
		B59C5E64179ABC7E00A952FD /* MsgCell.m in Sources */ = {isa = PBXBuildFile; fileRef = B59C5E60179ABC7E00A952FD /* MsgCell.m */; };
		B59C5E67179ABCA000A952FD /* OpenUDID.m in Sources */ = {isa = PBXBuildFile; fileRef = B59C5E66179ABCA000A952FD /* OpenUDID.m */; };
		B5C2F42A179A6D990049B8A8 /* UIKit.framework in Frameworks */ = {isa = PBXBuildFile; fileRef = B5C2F429179A6D990049B8A8 /* UIKit.framework */; };
		B5C2F42C179A6D990049B8A8 /* Foundation.framework in Frameworks */ = {isa = PBXBuildFile; fileRef = B5C2F42B179A6D990049B8A8 /* Foundation.framework */; };
		B5C2F42E179A6D990049B8A8 /* CoreGraphics.framework in Frameworks */ = {isa = PBXBuildFile; fileRef = B5C2F42D179A6D990049B8A8 /* CoreGraphics.framework */; };
		B5C2F434179A6D990049B8A8 /* InfoPlist.strings in Resources */ = {isa = PBXBuildFile; fileRef = B5C2F432179A6D990049B8A8 /* InfoPlist.strings */; };
		B5C2F436179A6D990049B8A8 /* main.m in Sources */ = {isa = PBXBuildFile; fileRef = B5C2F435179A6D990049B8A8 /* main.m */; };
		B5C2F43A179A6D990049B8A8 /* AppDelegate.m in Sources */ = {isa = PBXBuildFile; fileRef = B5C2F439179A6D990049B8A8 /* AppDelegate.m */; };
		B5C2F43C179A6D990049B8A8 /* Default.png in Resources */ = {isa = PBXBuildFile; fileRef = B5C2F43B179A6D990049B8A8 /* Default.png */; };
		B5C2F43E179A6D990049B8A8 /* Default@2x.png in Resources */ = {isa = PBXBuildFile; fileRef = B5C2F43D179A6D990049B8A8 /* Default@2x.png */; };
		B5C2F440179A6D990049B8A8 /* Default-568h@2x.png in Resources */ = {isa = PBXBuildFile; fileRef = B5C2F43F179A6D990049B8A8 /* Default-568h@2x.png */; };
/* End PBXBuildFile section */

/* Begin PBXFileReference section */
		04E81A66179A8EA800FC6BA7 /* BMapKit.h */ = {isa = PBXFileReference; fileEncoding = 4; lastKnownFileType = sourcecode.c.h; path = BMapKit.h; sourceTree = "<group>"; };
		04E81A67179A8EA800FC6BA7 /* BMKAnnotation.h */ = {isa = PBXFileReference; fileEncoding = 4; lastKnownFileType = sourcecode.c.h; path = BMKAnnotation.h; sourceTree = "<group>"; };
		04E81A68179A8EA800FC6BA7 /* BMKAnnotationView.h */ = {isa = PBXFileReference; fileEncoding = 4; lastKnownFileType = sourcecode.c.h; path = BMKAnnotationView.h; sourceTree = "<group>"; };
		04E81A69179A8EA800FC6BA7 /* BMKCircle.h */ = {isa = PBXFileReference; fileEncoding = 4; lastKnownFileType = sourcecode.c.h; path = BMKCircle.h; sourceTree = "<group>"; };
		04E81A6A179A8EA800FC6BA7 /* BMKCircleView.h */ = {isa = PBXFileReference; fileEncoding = 4; lastKnownFileType = sourcecode.c.h; path = BMKCircleView.h; sourceTree = "<group>"; };
		04E81A6B179A8EA800FC6BA7 /* BMKGeneralDelegate.h */ = {isa = PBXFileReference; fileEncoding = 4; lastKnownFileType = sourcecode.c.h; path = BMKGeneralDelegate.h; sourceTree = "<group>"; };
		04E81A6C179A8EA800FC6BA7 /* BMKGeocodeType.h */ = {isa = PBXFileReference; fileEncoding = 4; lastKnownFileType = sourcecode.c.h; path = BMKGeocodeType.h; sourceTree = "<group>"; };
		04E81A6D179A8EA800FC6BA7 /* BMKGeometry.h */ = {isa = PBXFileReference; fileEncoding = 4; lastKnownFileType = sourcecode.c.h; path = BMKGeometry.h; sourceTree = "<group>"; };
		04E81A6E179A8EA800FC6BA7 /* BMKMapManager.h */ = {isa = PBXFileReference; fileEncoding = 4; lastKnownFileType = sourcecode.c.h; path = BMKMapManager.h; sourceTree = "<group>"; };
		04E81A6F179A8EA800FC6BA7 /* BMKMapView.h */ = {isa = PBXFileReference; fileEncoding = 4; lastKnownFileType = sourcecode.c.h; path = BMKMapView.h; sourceTree = "<group>"; };
		04E81A70179A8EA800FC6BA7 /* BMKMultiPoint.h */ = {isa = PBXFileReference; fileEncoding = 4; lastKnownFileType = sourcecode.c.h; path = BMKMultiPoint.h; sourceTree = "<group>"; };
		04E81A71179A8EA800FC6BA7 /* BMKOfflineMap.h */ = {isa = PBXFileReference; fileEncoding = 4; lastKnownFileType = sourcecode.c.h; path = BMKOfflineMap.h; sourceTree = "<group>"; };
		04E81A72179A8EA800FC6BA7 /* BMKOfflineMapType.h */ = {isa = PBXFileReference; fileEncoding = 4; lastKnownFileType = sourcecode.c.h; path = BMKOfflineMapType.h; sourceTree = "<group>"; };
		04E81A73179A8EA800FC6BA7 /* BMKOverlay.h */ = {isa = PBXFileReference; fileEncoding = 4; lastKnownFileType = sourcecode.c.h; path = BMKOverlay.h; sourceTree = "<group>"; };
		04E81A74179A8EA800FC6BA7 /* BMKOverlayPathView.h */ = {isa = PBXFileReference; fileEncoding = 4; lastKnownFileType = sourcecode.c.h; path = BMKOverlayPathView.h; sourceTree = "<group>"; };
		04E81A75179A8EA800FC6BA7 /* BMKOverlayView.h */ = {isa = PBXFileReference; fileEncoding = 4; lastKnownFileType = sourcecode.c.h; path = BMKOverlayView.h; sourceTree = "<group>"; };
		04E81A76179A8EA800FC6BA7 /* BMKPinAnnotationView.h */ = {isa = PBXFileReference; fileEncoding = 4; lastKnownFileType = sourcecode.c.h; path = BMKPinAnnotationView.h; sourceTree = "<group>"; };
		04E81A77179A8EA800FC6BA7 /* BMKPointAnnotation.h */ = {isa = PBXFileReference; fileEncoding = 4; lastKnownFileType = sourcecode.c.h; path = BMKPointAnnotation.h; sourceTree = "<group>"; };
		04E81A78179A8EA800FC6BA7 /* BMKPoiSearchType.h */ = {isa = PBXFileReference; fileEncoding = 4; lastKnownFileType = sourcecode.c.h; path = BMKPoiSearchType.h; sourceTree = "<group>"; };
		04E81A79179A8EA800FC6BA7 /* BMKPolygon.h */ = {isa = PBXFileReference; fileEncoding = 4; lastKnownFileType = sourcecode.c.h; path = BMKPolygon.h; sourceTree = "<group>"; };
		04E81A7A179A8EA800FC6BA7 /* BMKPolygonView.h */ = {isa = PBXFileReference; fileEncoding = 4; lastKnownFileType = sourcecode.c.h; path = BMKPolygonView.h; sourceTree = "<group>"; };
		04E81A7B179A8EA800FC6BA7 /* BMKPolyline.h */ = {isa = PBXFileReference; fileEncoding = 4; lastKnownFileType = sourcecode.c.h; path = BMKPolyline.h; sourceTree = "<group>"; };
		04E81A7C179A8EA800FC6BA7 /* BMKPolylineView.h */ = {isa = PBXFileReference; fileEncoding = 4; lastKnownFileType = sourcecode.c.h; path = BMKPolylineView.h; sourceTree = "<group>"; };
		04E81A7D179A8EA800FC6BA7 /* BMKRouteSearchType.h */ = {isa = PBXFileReference; fileEncoding = 4; lastKnownFileType = sourcecode.c.h; path = BMKRouteSearchType.h; sourceTree = "<group>"; };
		04E81A7E179A8EA800FC6BA7 /* BMKSearch.h */ = {isa = PBXFileReference; fileEncoding = 4; lastKnownFileType = sourcecode.c.h; path = BMKSearch.h; sourceTree = "<group>"; };
		04E81A7F179A8EA800FC6BA7 /* BMKShape.h */ = {isa = PBXFileReference; fileEncoding = 4; lastKnownFileType = sourcecode.c.h; path = BMKShape.h; sourceTree = "<group>"; };
		04E81A80179A8EA800FC6BA7 /* BMKTypes.h */ = {isa = PBXFileReference; fileEncoding = 4; lastKnownFileType = sourcecode.c.h; path = BMKTypes.h; sourceTree = "<group>"; };
		04E81A81179A8EA800FC6BA7 /* BMKUserLocation.h */ = {isa = PBXFileReference; fileEncoding = 4; lastKnownFileType = sourcecode.c.h; path = BMKUserLocation.h; sourceTree = "<group>"; };
		04E81A82179A8EA800FC6BA7 /* BMKVersion.h */ = {isa = PBXFileReference; fileEncoding = 4; lastKnownFileType = sourcecode.c.h; path = BMKVersion.h; sourceTree = "<group>"; };
		04E81A83179A8EA800FC6BA7 /* mapapi.bundle */ = {isa = PBXFileReference; lastKnownFileType = "wrapper.plug-in"; path = mapapi.bundle; sourceTree = "<group>"; };
		04E81A87179A913C00FC6BA7 /* QuartzCore.framework */ = {isa = PBXFileReference; lastKnownFileType = wrapper.framework; name = QuartzCore.framework; path = System/Library/Frameworks/QuartzCore.framework; sourceTree = SDKROOT; };
		04E81A89179A91E100FC6BA7 /* CoreLocation.framework */ = {isa = PBXFileReference; lastKnownFileType = wrapper.framework; name = CoreLocation.framework; path = System/Library/Frameworks/CoreLocation.framework; sourceTree = SDKROOT; };
		04E81A8B179A91E900FC6BA7 /* SystemConfiguration.framework */ = {isa = PBXFileReference; lastKnownFileType = wrapper.framework; name = SystemConfiguration.framework; path = System/Library/Frameworks/SystemConfiguration.framework; sourceTree = SDKROOT; };
		04E81A8D179A920400FC6BA7 /* OpenGLES.framework */ = {isa = PBXFileReference; lastKnownFileType = wrapper.framework; name = OpenGLES.framework; path = System/Library/Frameworks/OpenGLES.framework; sourceTree = SDKROOT; };
		04E81A8F179AA11700FC6BA7 /* libbaidumapapi.a */ = {isa = PBXFileReference; lastKnownFileType = archive.ar; path = libbaidumapapi.a; sourceTree = "<group>"; };
		04E81A91179ADFDA00FC6BA7 /* CalloutMapAnnotation.h */ = {isa = PBXFileReference; fileEncoding = 4; lastKnownFileType = sourcecode.c.h; path = CalloutMapAnnotation.h; sourceTree = "<group>"; };
		04E81A92179ADFDB00FC6BA7 /* CalloutMapAnnotation.m */ = {isa = PBXFileReference; fileEncoding = 4; lastKnownFileType = sourcecode.c.objc; path = CalloutMapAnnotation.m; sourceTree = "<group>"; };
		04E81A94179AE09D00FC6BA7 /* CallOutAnnotationView.h */ = {isa = PBXFileReference; fileEncoding = 4; lastKnownFileType = sourcecode.c.h; path = CallOutAnnotationView.h; sourceTree = "<group>"; };
		04E81A95179AE09E00FC6BA7 /* CallOutAnnotationView.m */ = {isa = PBXFileReference; fileEncoding = 4; lastKnownFileType = sourcecode.c.objc; path = CallOutAnnotationView.m; sourceTree = "<group>"; };
		04E81A9A179AE2B500FC6BA7 /* SportPointCell.xib */ = {isa = PBXFileReference; fileEncoding = 4; lastKnownFileType = file.xib; path = SportPointCell.xib; sourceTree = "<group>"; };
		04E81A9C179AE75D00FC6BA7 /* CustomPointAnnotation.h */ = {isa = PBXFileReference; lastKnownFileType = sourcecode.c.h; path = CustomPointAnnotation.h; sourceTree = "<group>"; };
		04E81A9D179AE75E00FC6BA7 /* CustomPointAnnotation.m */ = {isa = PBXFileReference; lastKnownFileType = sourcecode.c.objc; path = CustomPointAnnotation.m; sourceTree = "<group>"; };
		04E81A9E179AE8DF00FC6BA7 /* SportPointCell.h */ = {isa = PBXFileReference; fileEncoding = 4; lastKnownFileType = sourcecode.c.h; path = SportPointCell.h; sourceTree = "<group>"; };
		04E81A9F179AE8E000FC6BA7 /* SportPointCell.m */ = {isa = PBXFileReference; fileEncoding = 4; lastKnownFileType = sourcecode.c.objc; path = SportPointCell.m; sourceTree = "<group>"; };
		04E81AA2179AFB0100FC6BA7 /* marker@2x.png */ = {isa = PBXFileReference; lastKnownFileType = image.png; path = "marker@2x.png"; sourceTree = "<group>"; };
		B50E6FC1179A88A900ABF9CA /* JASidePanelController.h */ = {isa = PBXFileReference; fileEncoding = 4; lastKnownFileType = sourcecode.c.h; path = JASidePanelController.h; sourceTree = "<group>"; };
		B50E6FC2179A88A900ABF9CA /* JASidePanelController.m */ = {isa = PBXFileReference; fileEncoding = 4; lastKnownFileType = sourcecode.c.objc; path = JASidePanelController.m; sourceTree = "<group>"; };
		B50E6FC3179A88A900ABF9CA /* UIViewController+JASidePanel.h */ = {isa = PBXFileReference; fileEncoding = 4; lastKnownFileType = sourcecode.c.h; path = "UIViewController+JASidePanel.h"; sourceTree = "<group>"; };
		B50E6FC4179A88A900ABF9CA /* UIViewController+JASidePanel.m */ = {isa = PBXFileReference; fileEncoding = 4; lastKnownFileType = sourcecode.c.objc; path = "UIViewController+JASidePanel.m"; sourceTree = "<group>"; };
		B50E6FCE179A89E300ABF9CA /* CenterViewC.h */ = {isa = PBXFileReference; fileEncoding = 4; lastKnownFileType = sourcecode.c.h; path = CenterViewC.h; sourceTree = "<group>"; };
		B50E6FCF179A89E300ABF9CA /* CenterViewC.m */ = {isa = PBXFileReference; fileEncoding = 4; lastKnownFileType = sourcecode.c.objc; path = CenterViewC.m; sourceTree = "<group>"; };
		B50E6FD1179A89EF00ABF9CA /* LeftViewC.h */ = {isa = PBXFileReference; fileEncoding = 4; lastKnownFileType = sourcecode.c.h; path = LeftViewC.h; sourceTree = "<group>"; };
		B50E6FD2179A89EF00ABF9CA /* LeftViewC.m */ = {isa = PBXFileReference; fileEncoding = 4; lastKnownFileType = sourcecode.c.objc; path = LeftViewC.m; sourceTree = "<group>"; };
		B50E6FD4179A89FE00ABF9CA /* RightViewC.h */ = {isa = PBXFileReference; fileEncoding = 4; lastKnownFileType = sourcecode.c.h; path = RightViewC.h; sourceTree = "<group>"; };
		B50E6FD5179A89FE00ABF9CA /* RightViewC.mm */ = {isa = PBXFileReference; fileEncoding = 4; lastKnownFileType = sourcecode.cpp.objcpp; path = RightViewC.mm; sourceTree = "<group>"; };
		B59C5E59179ABC7100A952FD /* sportMessage.h */ = {isa = PBXFileReference; fileEncoding = 4; lastKnownFileType = sourcecode.c.h; path = sportMessage.h; sourceTree = "<group>"; };
		B59C5E5A179ABC7100A952FD /* sportMessage.m */ = {isa = PBXFileReference; fileEncoding = 4; lastKnownFileType = sourcecode.c.objc; path = sportMessage.m; sourceTree = "<group>"; };
		B59C5E5C179ABC7E00A952FD /* cell.png */ = {isa = PBXFileReference; lastKnownFileType = image.png; path = cell.png; sourceTree = "<group>"; };
		B59C5E5D179ABC7E00A952FD /* cell@2x.png */ = {isa = PBXFileReference; lastKnownFileType = image.png; path = "cell@2x.png"; sourceTree = "<group>"; };
		B59C5E5E179ABC7E00A952FD /* MsgCell.xib */ = {isa = PBXFileReference; fileEncoding = 4; lastKnownFileType = file.xib; path = MsgCell.xib; sourceTree = "<group>"; };
		B59C5E5F179ABC7E00A952FD /* MsgCell.h */ = {isa = PBXFileReference; fileEncoding = 4; lastKnownFileType = sourcecode.c.h; path = MsgCell.h; sourceTree = "<group>"; };
		B59C5E60179ABC7E00A952FD /* MsgCell.m */ = {isa = PBXFileReference; fileEncoding = 4; lastKnownFileType = sourcecode.c.objc; path = MsgCell.m; sourceTree = "<group>"; };
		B59C5E65179ABCA000A952FD /* OpenUDID.h */ = {isa = PBXFileReference; fileEncoding = 4; lastKnownFileType = sourcecode.c.h; path = OpenUDID.h; sourceTree = "<group>"; };
		B59C5E66179ABCA000A952FD /* OpenUDID.m */ = {isa = PBXFileReference; fileEncoding = 4; lastKnownFileType = sourcecode.c.objc; path = OpenUDID.m; sourceTree = "<group>"; };
		B5C2F426179A6D990049B8A8 /* iSport.app */ = {isa = PBXFileReference; explicitFileType = wrapper.application; includeInIndex = 0; path = iSport.app; sourceTree = BUILT_PRODUCTS_DIR; };
		B5C2F429179A6D990049B8A8 /* UIKit.framework */ = {isa = PBXFileReference; lastKnownFileType = wrapper.framework; name = UIKit.framework; path = System/Library/Frameworks/UIKit.framework; sourceTree = SDKROOT; };
		B5C2F42B179A6D990049B8A8 /* Foundation.framework */ = {isa = PBXFileReference; lastKnownFileType = wrapper.framework; name = Foundation.framework; path = System/Library/Frameworks/Foundation.framework; sourceTree = SDKROOT; };
		B5C2F42D179A6D990049B8A8 /* CoreGraphics.framework */ = {isa = PBXFileReference; lastKnownFileType = wrapper.framework; name = CoreGraphics.framework; path = System/Library/Frameworks/CoreGraphics.framework; sourceTree = SDKROOT; };
		B5C2F431179A6D990049B8A8 /* iSport-Info.plist */ = {isa = PBXFileReference; lastKnownFileType = text.plist.xml; path = "iSport-Info.plist"; sourceTree = "<group>"; };
		B5C2F433179A6D990049B8A8 /* en */ = {isa = PBXFileReference; lastKnownFileType = text.plist.strings; name = en; path = en.lproj/InfoPlist.strings; sourceTree = "<group>"; };
		B5C2F435179A6D990049B8A8 /* main.m */ = {isa = PBXFileReference; lastKnownFileType = sourcecode.c.objc; path = main.m; sourceTree = "<group>"; };
		B5C2F437179A6D990049B8A8 /* iSport-Prefix.pch */ = {isa = PBXFileReference; lastKnownFileType = sourcecode.c.h; path = "iSport-Prefix.pch"; sourceTree = "<group>"; };
		B5C2F438179A6D990049B8A8 /* AppDelegate.h */ = {isa = PBXFileReference; lastKnownFileType = sourcecode.c.h; path = AppDelegate.h; sourceTree = "<group>"; };
		B5C2F439179A6D990049B8A8 /* AppDelegate.m */ = {isa = PBXFileReference; lastKnownFileType = sourcecode.c.objc; path = AppDelegate.m; sourceTree = "<group>"; };
		B5C2F43B179A6D990049B8A8 /* Default.png */ = {isa = PBXFileReference; lastKnownFileType = image.png; path = Default.png; sourceTree = "<group>"; };
		B5C2F43D179A6D990049B8A8 /* Default@2x.png */ = {isa = PBXFileReference; lastKnownFileType = image.png; path = "Default@2x.png"; sourceTree = "<group>"; };
		B5C2F43F179A6D990049B8A8 /* Default-568h@2x.png */ = {isa = PBXFileReference; lastKnownFileType = image.png; path = "Default-568h@2x.png"; sourceTree = "<group>"; };
/* End PBXFileReference section */

/* Begin PBXFrameworksBuildPhase section */
		B5C2F423179A6D990049B8A8 /* Frameworks */ = {
			isa = PBXFrameworksBuildPhase;
			buildActionMask = 2147483647;
			files = (
				04E81A8E179A920400FC6BA7 /* OpenGLES.framework in Frameworks */,
				04E81A8C179A91E900FC6BA7 /* SystemConfiguration.framework in Frameworks */,
				04E81A8A179A91E100FC6BA7 /* CoreLocation.framework in Frameworks */,
				04E81A88179A913C00FC6BA7 /* QuartzCore.framework in Frameworks */,
				B5C2F42A179A6D990049B8A8 /* UIKit.framework in Frameworks */,
				B5C2F42C179A6D990049B8A8 /* Foundation.framework in Frameworks */,
				B5C2F42E179A6D990049B8A8 /* CoreGraphics.framework in Frameworks */,
				04E81A90179AA11700FC6BA7 /* libbaidumapapi.a in Frameworks */,
			);
			runOnlyForDeploymentPostprocessing = 0;
		};
/* End PBXFrameworksBuildPhase section */

/* Begin PBXGroup section */
		04E81A64179A8E7C00FC6BA7 /* BMapSDK */ = {
			isa = PBXGroup;
			children = (
				04E81A8F179AA11700FC6BA7 /* libbaidumapapi.a */,
				04E81A65179A8EA800FC6BA7 /* inc */,
				04E81A83179A8EA800FC6BA7 /* mapapi.bundle */,
			);
			name = BMapSDK;
			sourceTree = "<group>";
		};
		04E81A65179A8EA800FC6BA7 /* inc */ = {
			isa = PBXGroup;
			children = (
				04E81A66179A8EA800FC6BA7 /* BMapKit.h */,
				04E81A67179A8EA800FC6BA7 /* BMKAnnotation.h */,
				04E81A68179A8EA800FC6BA7 /* BMKAnnotationView.h */,
				04E81A69179A8EA800FC6BA7 /* BMKCircle.h */,
				04E81A6A179A8EA800FC6BA7 /* BMKCircleView.h */,
				04E81A6B179A8EA800FC6BA7 /* BMKGeneralDelegate.h */,
				04E81A6C179A8EA800FC6BA7 /* BMKGeocodeType.h */,
				04E81A6D179A8EA800FC6BA7 /* BMKGeometry.h */,
				04E81A6E179A8EA800FC6BA7 /* BMKMapManager.h */,
				04E81A6F179A8EA800FC6BA7 /* BMKMapView.h */,
				04E81A70179A8EA800FC6BA7 /* BMKMultiPoint.h */,
				04E81A71179A8EA800FC6BA7 /* BMKOfflineMap.h */,
				04E81A72179A8EA800FC6BA7 /* BMKOfflineMapType.h */,
				04E81A73179A8EA800FC6BA7 /* BMKOverlay.h */,
				04E81A74179A8EA800FC6BA7 /* BMKOverlayPathView.h */,
				04E81A75179A8EA800FC6BA7 /* BMKOverlayView.h */,
				04E81A76179A8EA800FC6BA7 /* BMKPinAnnotationView.h */,
				04E81A77179A8EA800FC6BA7 /* BMKPointAnnotation.h */,
				04E81A78179A8EA800FC6BA7 /* BMKPoiSearchType.h */,
				04E81A79179A8EA800FC6BA7 /* BMKPolygon.h */,
				04E81A7A179A8EA800FC6BA7 /* BMKPolygonView.h */,
				04E81A7B179A8EA800FC6BA7 /* BMKPolyline.h */,
				04E81A7C179A8EA800FC6BA7 /* BMKPolylineView.h */,
				04E81A7D179A8EA800FC6BA7 /* BMKRouteSearchType.h */,
				04E81A7E179A8EA800FC6BA7 /* BMKSearch.h */,
				04E81A7F179A8EA800FC6BA7 /* BMKShape.h */,
				04E81A80179A8EA800FC6BA7 /* BMKTypes.h */,
				04E81A81179A8EA800FC6BA7 /* BMKUserLocation.h */,
				04E81A82179A8EA800FC6BA7 /* BMKVersion.h */,
			);
			path = inc;
			sourceTree = "<group>";
		};
		04E81AA4179B021100FC6BA7 /* Annatation */ = {
			isa = PBXGroup;
			children = (
				04E81A91179ADFDA00FC6BA7 /* CalloutMapAnnotation.h */,
				04E81A92179ADFDB00FC6BA7 /* CalloutMapAnnotation.m */,
				04E81A94179AE09D00FC6BA7 /* CallOutAnnotationView.h */,
				04E81A95179AE09E00FC6BA7 /* CallOutAnnotationView.m */,
				04E81A9E179AE8DF00FC6BA7 /* SportPointCell.h */,
				04E81A9F179AE8E000FC6BA7 /* SportPointCell.m */,
				04E81A9A179AE2B500FC6BA7 /* SportPointCell.xib */,
				04E81A9C179AE75D00FC6BA7 /* CustomPointAnnotation.h */,
				04E81A9D179AE75E00FC6BA7 /* CustomPointAnnotation.m */,
			);
			name = Annatation;
			sourceTree = "<group>";
		};
		B50E6FC7179A88C200ABF9CA /* JASidePanel */ = {
			isa = PBXGroup;
			children = (
				B50E6FC1179A88A900ABF9CA /* JASidePanelController.h */,
				B50E6FC2179A88A900ABF9CA /* JASidePanelController.m */,
				B50E6FC3179A88A900ABF9CA /* UIViewController+JASidePanel.h */,
				B50E6FC4179A88A900ABF9CA /* UIViewController+JASidePanel.m */,
			);
			name = JASidePanel;
			sourceTree = "<group>";
		};
		B59C5E56179ABC3800A952FD /* Model */ = {
			isa = PBXGroup;
			children = (
				B59C5E59179ABC7100A952FD /* sportMessage.h */,
				B59C5E5A179ABC7100A952FD /* sportMessage.m */,
			);
			name = Model;
			sourceTree = "<group>";
		};
		B59C5E57179ABC3E00A952FD /* Tools */ = {
			isa = PBXGroup;
			children = (
				B50E6FC7179A88C200ABF9CA /* JASidePanel */,
				04E81A64179A8E7C00FC6BA7 /* BMapSDK */,
				B59C5E65179ABCA000A952FD /* OpenUDID.h */,
				B59C5E66179ABCA000A952FD /* OpenUDID.m */,
			);
			name = Tools;
			sourceTree = "<group>";
		};
		B5C2F41D179A6D990049B8A8 = {
			isa = PBXGroup;
			children = (
				B5C2F42F179A6D990049B8A8 /* iSport */,
				B5C2F428179A6D990049B8A8 /* Frameworks */,
				B5C2F427179A6D990049B8A8 /* Products */,
			);
			sourceTree = "<group>";
		};
		B5C2F427179A6D990049B8A8 /* Products */ = {
			isa = PBXGroup;
			children = (
				B5C2F426179A6D990049B8A8 /* iSport.app */,
			);
			name = Products;
			sourceTree = "<group>";
		};
		B5C2F428179A6D990049B8A8 /* Frameworks */ = {
			isa = PBXGroup;
			children = (
				04E81A8D179A920400FC6BA7 /* OpenGLES.framework */,
				04E81A8B179A91E900FC6BA7 /* SystemConfiguration.framework */,
				04E81A89179A91E100FC6BA7 /* CoreLocation.framework */,
				04E81A87179A913C00FC6BA7 /* QuartzCore.framework */,
				B5C2F429179A6D990049B8A8 /* UIKit.framework */,
				B5C2F42B179A6D990049B8A8 /* Foundation.framework */,
				B5C2F42D179A6D990049B8A8 /* CoreGraphics.framework */,
			);
			name = Frameworks;
			sourceTree = "<group>";
		};
		B5C2F42F179A6D990049B8A8 /* iSport */ = {
			isa = PBXGroup;
			children = (
				B5C2F438179A6D990049B8A8 /* AppDelegate.h */,
				B5C2F439179A6D990049B8A8 /* AppDelegate.m */,
				B50E6FCE179A89E300ABF9CA /* CenterViewC.h */,
				B50E6FCF179A89E300ABF9CA /* CenterViewC.m */,
				B50E6FD1179A89EF00ABF9CA /* LeftViewC.h */,
				B50E6FD2179A89EF00ABF9CA /* LeftViewC.m */,
				B50E6FD4179A89FE00ABF9CA /* RightViewC.h */,
				B50E6FD5179A89FE00ABF9CA /* RightViewC.mm */,
				B59C5E5F179ABC7E00A952FD /* MsgCell.h */,
				B59C5E60179ABC7E00A952FD /* MsgCell.m */,
				B59C5E5E179ABC7E00A952FD /* MsgCell.xib */,
				04E81AA4179B021100FC6BA7 /* Annatation */,
				B59C5E56179ABC3800A952FD /* Model */,
				B59C5E57179ABC3E00A952FD /* Tools */,
				B5C2F430179A6D990049B8A8 /* Supporting Files */,
			);
			path = iSport;
			sourceTree = "<group>";
		};
		B5C2F430179A6D990049B8A8 /* Supporting Files */ = {
			isa = PBXGroup;
			children = (
				04E81AA2179AFB0100FC6BA7 /* marker@2x.png */,
				B59C5E5C179ABC7E00A952FD /* cell.png */,
				B59C5E5D179ABC7E00A952FD /* cell@2x.png */,
				B5C2F431179A6D990049B8A8 /* iSport-Info.plist */,
				B5C2F432179A6D990049B8A8 /* InfoPlist.strings */,
				B5C2F435179A6D990049B8A8 /* main.m */,
				B5C2F437179A6D990049B8A8 /* iSport-Prefix.pch */,
				B5C2F43B179A6D990049B8A8 /* Default.png */,
				B5C2F43D179A6D990049B8A8 /* Default@2x.png */,
				B5C2F43F179A6D990049B8A8 /* Default-568h@2x.png */,
			);
			name = "Supporting Files";
			sourceTree = "<group>";
		};
/* End PBXGroup section */

/* Begin PBXNativeTarget section */
		B5C2F425179A6D990049B8A8 /* iSport */ = {
			isa = PBXNativeTarget;
			buildConfigurationList = B5C2F443179A6D990049B8A8 /* Build configuration list for PBXNativeTarget "iSport" */;
			buildPhases = (
				B5C2F422179A6D990049B8A8 /* Sources */,
				B5C2F423179A6D990049B8A8 /* Frameworks */,
				B5C2F424179A6D990049B8A8 /* Resources */,
			);
			buildRules = (
			);
			dependencies = (
			);
			name = iSport;
			productName = iSport;
			productReference = B5C2F426179A6D990049B8A8 /* iSport.app */;
			productType = "com.apple.product-type.application";
		};
/* End PBXNativeTarget section */

/* Begin PBXProject section */
		B5C2F41E179A6D990049B8A8 /* Project object */ = {
			isa = PBXProject;
			attributes = {
				LastUpgradeCheck = 0460;
				ORGANIZATIONNAME = qfpay;
			};
			buildConfigurationList = B5C2F421179A6D990049B8A8 /* Build configuration list for PBXProject "iSport" */;
			compatibilityVersion = "Xcode 3.2";
			developmentRegion = English;
			hasScannedForEncodings = 0;
			knownRegions = (
				en,
			);
			mainGroup = B5C2F41D179A6D990049B8A8;
			productRefGroup = B5C2F427179A6D990049B8A8 /* Products */;
			projectDirPath = "";
			projectRoot = "";
			targets = (
				B5C2F425179A6D990049B8A8 /* iSport */,
			);
		};
/* End PBXProject section */

/* Begin PBXResourcesBuildPhase section */
		B5C2F424179A6D990049B8A8 /* Resources */ = {
			isa = PBXResourcesBuildPhase;
			buildActionMask = 2147483647;
			files = (
				B5C2F434179A6D990049B8A8 /* InfoPlist.strings in Resources */,
				B5C2F43C179A6D990049B8A8 /* Default.png in Resources */,
				B5C2F43E179A6D990049B8A8 /* Default@2x.png in Resources */,
				B5C2F440179A6D990049B8A8 /* Default-568h@2x.png in Resources */,
				04E81A84179A8EA800FC6BA7 /* mapapi.bundle in Resources */,
				B59C5E61179ABC7E00A952FD /* cell.png in Resources */,
				B59C5E62179ABC7E00A952FD /* cell@2x.png in Resources */,
				B59C5E63179ABC7E00A952FD /* MsgCell.xib in Resources */,
				04E81A9B179AE2B600FC6BA7 /* SportPointCell.xib in Resources */,
				04E81AA3179AFB0100FC6BA7 /* marker@2x.png in Resources */,
			);
			runOnlyForDeploymentPostprocessing = 0;
		};
/* End PBXResourcesBuildPhase section */

/* Begin PBXSourcesBuildPhase section */
		B5C2F422179A6D990049B8A8 /* Sources */ = {
			isa = PBXSourcesBuildPhase;
			buildActionMask = 2147483647;
			files = (
				04E81AA1179AE9E400FC6BA7 /* CustomPointAnnotation.m in Sources */,
				B5C2F436179A6D990049B8A8 /* main.m in Sources */,
				B5C2F43A179A6D990049B8A8 /* AppDelegate.m in Sources */,
				B50E6FC5179A88A900ABF9CA /* JASidePanelController.m in Sources */,
				B50E6FC6179A88A900ABF9CA /* UIViewController+JASidePanel.m in Sources */,
				B50E6FD0179A89E300ABF9CA /* CenterViewC.m in Sources */,
				B50E6FD3179A89EF00ABF9CA /* LeftViewC.m in Sources */,
				B50E6FD6179A89FF00ABF9CA /* RightViewC.mm in Sources */,
				B59C5E5B179ABC7100A952FD /* sportMessage.m in Sources */,
				B59C5E64179ABC7E00A952FD /* MsgCell.m in Sources */,
				B59C5E67179ABCA000A952FD /* OpenUDID.m in Sources */,
				04E81A93179ADFDC00FC6BA7 /* CalloutMapAnnotation.m in Sources */,
				04E81A96179AE09F00FC6BA7 /* CallOutAnnotationView.m in Sources */,
				04E81AA0179AE8E100FC6BA7 /* SportPointCell.m in Sources */,
			);
			runOnlyForDeploymentPostprocessing = 0;
		};
/* End PBXSourcesBuildPhase section */

/* Begin PBXVariantGroup section */
		B5C2F432179A6D990049B8A8 /* InfoPlist.strings */ = {
			isa = PBXVariantGroup;
			children = (
				B5C2F433179A6D990049B8A8 /* en */,
			);
			name = InfoPlist.strings;
			sourceTree = "<group>";
		};
/* End PBXVariantGroup section */

/* Begin XCBuildConfiguration section */
		B5C2F441179A6D990049B8A8 /* Debug */ = {
			isa = XCBuildConfiguration;
			buildSettings = {
				ALWAYS_SEARCH_USER_PATHS = NO;
				CLANG_CXX_LANGUAGE_STANDARD = "gnu++0x";
				CLANG_CXX_LIBRARY = "libc++";
				CLANG_WARN_CONSTANT_CONVERSION = YES;
				CLANG_WARN_EMPTY_BODY = YES;
				CLANG_WARN_ENUM_CONVERSION = YES;
				CLANG_WARN_INT_CONVERSION = YES;
				CLANG_WARN__DUPLICATE_METHOD_MATCH = YES;
				"CODE_SIGN_IDENTITY[sdk=iphoneos*]" = "iPhone Developer";
				COPY_PHASE_STRIP = NO;
				GCC_C_LANGUAGE_STANDARD = gnu99;
				GCC_DYNAMIC_NO_PIC = NO;
				GCC_OPTIMIZATION_LEVEL = 0;
				GCC_PREPROCESSOR_DEFINITIONS = (
					"DEBUG=1",
					"$(inherited)",
				);
				GCC_SYMBOLS_PRIVATE_EXTERN = NO;
				GCC_WARN_ABOUT_RETURN_TYPE = YES;
				GCC_WARN_UNINITIALIZED_AUTOS = YES;
				GCC_WARN_UNUSED_VARIABLE = YES;
				IPHONEOS_DEPLOYMENT_TARGET = 6.1;
				ONLY_ACTIVE_ARCH = YES;
				SDKROOT = iphoneos;
			};
			name = Debug;
		};
		B5C2F442179A6D990049B8A8 /* Release */ = {
			isa = XCBuildConfiguration;
			buildSettings = {
				ALWAYS_SEARCH_USER_PATHS = NO;
				CLANG_CXX_LANGUAGE_STANDARD = "gnu++0x";
				CLANG_CXX_LIBRARY = "libc++";
				CLANG_WARN_CONSTANT_CONVERSION = YES;
				CLANG_WARN_EMPTY_BODY = YES;
				CLANG_WARN_ENUM_CONVERSION = YES;
				CLANG_WARN_INT_CONVERSION = YES;
				CLANG_WARN__DUPLICATE_METHOD_MATCH = YES;
				"CODE_SIGN_IDENTITY[sdk=iphoneos*]" = "iPhone Developer";
				COPY_PHASE_STRIP = YES;
				GCC_C_LANGUAGE_STANDARD = gnu99;
				GCC_WARN_ABOUT_RETURN_TYPE = YES;
				GCC_WARN_UNINITIALIZED_AUTOS = YES;
				GCC_WARN_UNUSED_VARIABLE = YES;
				IPHONEOS_DEPLOYMENT_TARGET = 6.1;
				OTHER_CFLAGS = "-DNS_BLOCK_ASSERTIONS=1";
				SDKROOT = iphoneos;
				VALIDATE_PRODUCT = YES;
			};
			name = Release;
		};
		B5C2F444179A6D990049B8A8 /* Debug */ = {
			isa = XCBuildConfiguration;
			buildSettings = {
				CODE_SIGN_IDENTITY = "iPhone Developer: Hangzhou Zheng (H4U5Z34JQ5)";
				"CODE_SIGN_IDENTITY[sdk=iphoneos*]" = "iPhone Developer: Hangzhou Zheng (H4U5Z34JQ5)";
				GCC_PRECOMPILE_PREFIX_HEADER = YES;
				GCC_PREFIX_HEADER = "iSport/iSport-Prefix.pch";
				INFOPLIST_FILE = "iSport/iSport-Info.plist";
				IPHONEOS_DEPLOYMENT_TARGET = 5.1;
				LIBRARY_SEARCH_PATHS = (
					"$(inherited)",
					"\"$(SRCROOT)/iSport\"",
				);
				PRODUCT_NAME = "$(TARGET_NAME)";
				PROVISIONING_PROFILE = "D49E8444-7E16-425C-BE6B-A143FF6634EE";
				"PROVISIONING_PROFILE[sdk=iphoneos*]" = "D49E8444-7E16-425C-BE6B-A143FF6634EE";
				WRAPPER_EXTENSION = app;
			};
			name = Debug;
		};
		B5C2F445179A6D990049B8A8 /* Release */ = {
			isa = XCBuildConfiguration;
			buildSettings = {
				CODE_SIGN_IDENTITY = "iPhone Distribution: Beijing Qfpay Technology Company Limited";
				"CODE_SIGN_IDENTITY[sdk=iphoneos*]" = "iPhone Distribution: Beijing Qfpay Technology Company Limited";
				GCC_PRECOMPILE_PREFIX_HEADER = YES;
				GCC_PREFIX_HEADER = "iSport/iSport-Prefix.pch";
				INFOPLIST_FILE = "iSport/iSport-Info.plist";
				IPHONEOS_DEPLOYMENT_TARGET = 5.1;
				LIBRARY_SEARCH_PATHS = (
					"$(inherited)",
					"\"$(SRCROOT)/iSport\"",
				);
				PRODUCT_NAME = "$(TARGET_NAME)";
				PROVISIONING_PROFILE = "1BBE32CA-46A2-4606-99A2-C975A9696F64";
				"PROVISIONING_PROFILE[sdk=iphoneos*]" = "1BBE32CA-46A2-4606-99A2-C975A9696F64";
				WRAPPER_EXTENSION = app;
			};
			name = Release;
		};
/* End XCBuildConfiguration section */

/* Begin XCConfigurationList section */
		B5C2F421179A6D990049B8A8 /* Build configuration list for PBXProject "iSport" */ = {
			isa = XCConfigurationList;
			buildConfigurations = (
				B5C2F441179A6D990049B8A8 /* Debug */,
				B5C2F442179A6D990049B8A8 /* Release */,
			);
			defaultConfigurationIsVisible = 0;
			defaultConfigurationName = Release;
		};
		B5C2F443179A6D990049B8A8 /* Build configuration list for PBXNativeTarget "iSport" */ = {
			isa = XCConfigurationList;
			buildConfigurations = (
				B5C2F444179A6D990049B8A8 /* Debug */,
				B5C2F445179A6D990049B8A8 /* Release */,
			);
			defaultConfigurationIsVisible = 0;
			defaultConfigurationName = Release;
		};
/* End XCConfigurationList section */
	};
	rootObject = B5C2F41E179A6D990049B8A8 /* Project object */;
}
